// !$*UTF8*$!
{
	archiveVersion = 1;
	classes = {
	};
	objectVersion = 46;
	objects = {

/* Begin PBXBuildFile section */
		C5B90910DD535927CA2E899C /* libPods-ESports.a in Frameworks */ = {isa = PBXBuildFile; fileRef = CB55A45EFCE0F154101452A5 /* libPods-ESports.a */; };
		E72FD8051D1A75FF000A5CE6 /* HttpSessionClient+MultiLanguage.m in Sources */ = {isa = PBXBuildFile; fileRef = E72FD8041D1A75FF000A5CE6 /* HttpSessionClient+MultiLanguage.m */; };
		E72FD8381D212A1B000A5CE6 /* BaseViewController.m in Sources */ = {isa = PBXBuildFile; fileRef = E72FD8371D212A1B000A5CE6 /* BaseViewController.m */; };
		E72FD8461D23D8E2000A5CE6 /* LTZLocalizationManager.m in Sources */ = {isa = PBXBuildFile; fileRef = E72FD8431D23D8E2000A5CE6 /* LTZLocalizationManager.m */; };
		E72FD8471D23D8E2000A5CE6 /* NSObject+localization.m in Sources */ = {isa = PBXBuildFile; fileRef = E72FD8451D23D8E2000A5CE6 /* NSObject+localization.m */; };
		E72FD84B1D23E154000A5CE6 /* CoreGraphics.framework in Frameworks */ = {isa = PBXBuildFile; fileRef = E72FD84A1D23E154000A5CE6 /* CoreGraphics.framework */; };
		E72FD84E1D24D37C000A5CE6 /* BaseNavigationController.m in Sources */ = {isa = PBXBuildFile; fileRef = E72FD84D1D24D37C000A5CE6 /* BaseNavigationController.m */; };
		E72FD8591D24F420000A5CE6 /* NJKWebViewProgress.m in Sources */ = {isa = PBXBuildFile; fileRef = E72FD8521D24F420000A5CE6 /* NJKWebViewProgress.m */; };
		E72FD85A1D24F420000A5CE6 /* NJKWebViewProgressView.m in Sources */ = {isa = PBXBuildFile; fileRef = E72FD8541D24F420000A5CE6 /* NJKWebViewProgressView.m */; };
		E72FD85B1D24F420000A5CE6 /* RxWebViewController.m in Sources */ = {isa = PBXBuildFile; fileRef = E72FD8561D24F420000A5CE6 /* RxWebViewController.m */; };
		E72FD85C1D24F420000A5CE6 /* UINavigationController+RxWebViewNavigation.m in Sources */ = {isa = PBXBuildFile; fileRef = E72FD8581D24F420000A5CE6 /* UINavigationController+RxWebViewNavigation.m */; };
		E72FD8631D2508EC000A5CE6 /* backItemImage@2x.png in Resources */ = {isa = PBXBuildFile; fileRef = E72FD85E1D2508EC000A5CE6 /* backItemImage@2x.png */; };
		E72FD8641D2508EC000A5CE6 /* backItemImage_hl@2x.png in Resources */ = {isa = PBXBuildFile; fileRef = E72FD85F1D2508EC000A5CE6 /* backItemImage_hl@2x.png */; };
		E72FD8651D2508EC000A5CE6 /* topbar.png in Resources */ = {isa = PBXBuildFile; fileRef = E72FD8601D2508EC000A5CE6 /* topbar.png */; };
		E72FD8661D2508EC000A5CE6 /* topbar@2x.png in Resources */ = {isa = PBXBuildFile; fileRef = E72FD8611D2508EC000A5CE6 /* topbar@2x.png */; };
		E72FD8671D2508EC000A5CE6 /* topbar@3x.png in Resources */ = {isa = PBXBuildFile; fileRef = E72FD8621D2508EC000A5CE6 /* topbar@3x.png */; };
		E72FD8851D251612000A5CE6 /* NewsController.m in Sources */ = {isa = PBXBuildFile; fileRef = E72FD8831D251612000A5CE6 /* NewsController.m */; };
		E72FD8861D251612000A5CE6 /* NewsController.xib in Resources */ = {isa = PBXBuildFile; fileRef = E72FD8841D251612000A5CE6 /* NewsController.xib */; };
		E72FD88A1D2516D8000A5CE6 /* MatchsController.m in Sources */ = {isa = PBXBuildFile; fileRef = E72FD8881D2516D8000A5CE6 /* MatchsController.m */; };
		E72FD88B1D2516D8000A5CE6 /* MatchsController.xib in Resources */ = {isa = PBXBuildFile; fileRef = E72FD8891D2516D8000A5CE6 /* MatchsController.xib */; };
		E72FD88F1D251721000A5CE6 /* RankingController.m in Sources */ = {isa = PBXBuildFile; fileRef = E72FD88D1D251721000A5CE6 /* RankingController.m */; };
		E72FD8901D251721000A5CE6 /* RankingController.xib in Resources */ = {isa = PBXBuildFile; fileRef = E72FD88E1D251721000A5CE6 /* RankingController.xib */; };
		E72FD8941D251735000A5CE6 /* StrengthRatingController.m in Sources */ = {isa = PBXBuildFile; fileRef = E72FD8921D251735000A5CE6 /* StrengthRatingController.m */; };
		E72FD8951D251735000A5CE6 /* StrengthRatingController.xib in Resources */ = {isa = PBXBuildFile; fileRef = E72FD8931D251735000A5CE6 /* StrengthRatingController.xib */; };
		E72FD8A41D264943000A5CE6 /* tabbar_matchs_h@2x.png in Resources */ = {isa = PBXBuildFile; fileRef = E72FD89A1D264943000A5CE6 /* tabbar_matchs_h@2x.png */; };
		E72FD8A51D264943000A5CE6 /* tabbar_matchs_n@2x.png in Resources */ = {isa = PBXBuildFile; fileRef = E72FD89B1D264943000A5CE6 /* tabbar_matchs_n@2x.png */; };
		E72FD8A61D264943000A5CE6 /* tabbar_news_h@2x.png in Resources */ = {isa = PBXBuildFile; fileRef = E72FD89C1D264943000A5CE6 /* tabbar_news_h@2x.png */; };
		E72FD8A71D264943000A5CE6 /* tabbar_news_n@2x.png in Resources */ = {isa = PBXBuildFile; fileRef = E72FD89D1D264943000A5CE6 /* tabbar_news_n@2x.png */; };
		E72FD8A81D264943000A5CE6 /* tabbar_ranking_h@2x.png in Resources */ = {isa = PBXBuildFile; fileRef = E72FD89E1D264943000A5CE6 /* tabbar_ranking_h@2x.png */; };
		E72FD8A91D264943000A5CE6 /* tabbar_ranking_n@2x.png in Resources */ = {isa = PBXBuildFile; fileRef = E72FD89F1D264943000A5CE6 /* tabbar_ranking_n@2x.png */; };
		E72FD8AA1D264943000A5CE6 /* tabbar_strengthrating_h@2x.png in Resources */ = {isa = PBXBuildFile; fileRef = E72FD8A01D264943000A5CE6 /* tabbar_strengthrating_h@2x.png */; };
		E72FD8AB1D264943000A5CE6 /* tabbar_strengthrating_n@2x.png in Resources */ = {isa = PBXBuildFile; fileRef = E72FD8A11D264943000A5CE6 /* tabbar_strengthrating_n@2x.png */; };
		E72FD8AE1D265A95000A5CE6 /* ESportsTabBarController.m in Sources */ = {isa = PBXBuildFile; fileRef = E72FD8AD1D265A95000A5CE6 /* ESportsTabBarController.m */; };
		E72FD8B11D267458000A5CE6 /* RDVTabBarController+reloadItems.m in Sources */ = {isa = PBXBuildFile; fileRef = E72FD8B01D267458000A5CE6 /* RDVTabBarController+reloadItems.m */; };
		E72FD8B41D267C9B000A5CE6 /* nav_change_language_h@2x.png in Resources */ = {isa = PBXBuildFile; fileRef = E72FD8B21D267C9B000A5CE6 /* nav_change_language_h@2x.png */; };
		E72FD8B51D267C9B000A5CE6 /* nav_change_language_n@2x.png in Resources */ = {isa = PBXBuildFile; fileRef = E72FD8B31D267C9B000A5CE6 /* nav_change_language_n@2x.png */; };
		E73911B31D2A592D00F4A522 /* sys_language_english@2x.png in Resources */ = {isa = PBXBuildFile; fileRef = E73911B01D2A592D00F4A522 /* sys_language_english@2x.png */; };
		E73911B41D2A592D00F4A522 /* sys_language_s_chinese@2x.png in Resources */ = {isa = PBXBuildFile; fileRef = E73911B11D2A592D00F4A522 /* sys_language_s_chinese@2x.png */; };
		E73911B51D2A592D00F4A522 /* sys_language_t_chinese@2x.png in Resources */ = {isa = PBXBuildFile; fileRef = E73911B21D2A592D00F4A522 /* sys_language_t_chinese@2x.png */; };
		E73911C01D2A640B00F4A522 /* cell_line@2x.png in Resources */ = {isa = PBXBuildFile; fileRef = E73911B71D2A640B00F4A522 /* cell_line@2x.png */; };
		E73911C11D2A640B00F4A522 /* PopMenu.m in Sources */ = {isa = PBXBuildFile; fileRef = E73911B91D2A640B00F4A522 /* PopMenu.m */; };
		E73911C21D2A640B00F4A522 /* PopMenuCell.m in Sources */ = {isa = PBXBuildFile; fileRef = E73911BB1D2A640B00F4A522 /* PopMenuCell.m */; };
		E73911C31D2A640B00F4A522 /* PopMenuModel.m in Sources */ = {isa = PBXBuildFile; fileRef = E73911BD1D2A640B00F4A522 /* PopMenuModel.m */; };
		E73911C41D2A640B00F4A522 /* PopMenuStyle.m in Sources */ = {isa = PBXBuildFile; fileRef = E73911BF1D2A640B00F4A522 /* PopMenuStyle.m */; };
		E760B3281D2D1C6D00F5DB54 /* DropdownMenu.m in Sources */ = {isa = PBXBuildFile; fileRef = E760B3271D2D1C6D00F5DB54 /* DropdownMenu.m */; };
		E760B32B1D2D1CA000F5DB54 /* DropdownMenuItem.m in Sources */ = {isa = PBXBuildFile; fileRef = E760B32A1D2D1CA000F5DB54 /* DropdownMenuItem.m */; };
		E760B32F1D2E05DA00F5DB54 /* DropdownMenuItemCell.m in Sources */ = {isa = PBXBuildFile; fileRef = E760B32D1D2E05DA00F5DB54 /* DropdownMenuItemCell.m */; };
		E760B3301D2E05DA00F5DB54 /* DropdownMenuItemCell.xib in Resources */ = {isa = PBXBuildFile; fileRef = E760B32E1D2E05DA00F5DB54 /* DropdownMenuItemCell.xib */; };
		E760B3321D2E386000F5DB54 /* location_selected@2x.png in Resources */ = {isa = PBXBuildFile; fileRef = E760B3311D2E386000F5DB54 /* location_selected@2x.png */; };
		E760B3351D2E39AD00F5DB54 /* location_drop_n@2x.png in Resources */ = {isa = PBXBuildFile; fileRef = E760B3331D2E39AD00F5DB54 /* location_drop_n@2x.png */; };
		E760B3361D2E39AD00F5DB54 /* location_drop_h@2x.png in Resources */ = {isa = PBXBuildFile; fileRef = E760B3341D2E39AD00F5DB54 /* location_drop_h@2x.png */; };
		E760B33E1D2FA61000F5DB54 /* IonIcons.m in Sources */ = {isa = PBXBuildFile; fileRef = E760B33A1D2FA61000F5DB54 /* IonIcons.m */; };
		E760B33F1D2FA61000F5DB54 /* ionicons.ttf in Resources */ = {isa = PBXBuildFile; fileRef = E760B33B1D2FA61000F5DB54 /* ionicons.ttf */; };
		E760B3401D2FA61000F5DB54 /* LICENSE in Resources */ = {isa = PBXBuildFile; fileRef = E760B33C1D2FA61000F5DB54 /* LICENSE */; };
		E760B3411D2FA61000F5DB54 /* README.md in Sources */ = {isa = PBXBuildFile; fileRef = E760B33D1D2FA61000F5DB54 /* README.md */; };
		E760B3441D363EC900F5DB54 /* HotWordNew.m in Sources */ = {isa = PBXBuildFile; fileRef = E760B3431D363EC900F5DB54 /* HotWordNew.m */; };
		E760B3471D363EF200F5DB54 /* HotFocusNew.m in Sources */ = {isa = PBXBuildFile; fileRef = E760B3461D363EF200F5DB54 /* HotFocusNew.m */; };
		E760B34A1D363F1700F5DB54 /* TransferNew.m in Sources */ = {isa = PBXBuildFile; fileRef = E760B3491D363F1700F5DB54 /* TransferNew.m */; };
		E760B34D1D36471B00F5DB54 /* NewsRotationImage.m in Sources */ = {isa = PBXBuildFile; fileRef = E760B34C1D36471B00F5DB54 /* NewsRotationImage.m */; };
		E760B3501D36559700F5DB54 /* HotWordNewManager.m in Sources */ = {isa = PBXBuildFile; fileRef = E760B34F1D36559700F5DB54 /* HotWordNewManager.m */; };
		E760B3531D365A4D00F5DB54 /* TransferNewManager.m in Sources */ = {isa = PBXBuildFile; fileRef = E760B3521D365A4D00F5DB54 /* TransferNewManager.m */; };
		E760B3571D37756E00F5DB54 /* NewsRotationImageCell.m in Sources */ = {isa = PBXBuildFile; fileRef = E760B3551D37756E00F5DB54 /* NewsRotationImageCell.m */; };
		E760B3581D37756E00F5DB54 /* NewsRotationImageCell.xib in Resources */ = {isa = PBXBuildFile; fileRef = E760B3561D37756E00F5DB54 /* NewsRotationImageCell.xib */; };
		E760B35C1D379ADA00F5DB54 /* HotFocusNewCell.m in Sources */ = {isa = PBXBuildFile; fileRef = E760B35A1D379ADA00F5DB54 /* HotFocusNewCell.m */; };
		E760B35D1D379ADA00F5DB54 /* HotFocusNewCell.xib in Resources */ = {isa = PBXBuildFile; fileRef = E760B35B1D379ADA00F5DB54 /* HotFocusNewCell.xib */; };
		E760B3601D38D34200F5DB54 /* NewsTableViewHeader.m in Sources */ = {isa = PBXBuildFile; fileRef = E760B35F1D38D34200F5DB54 /* NewsTableViewHeader.m */; };
		E760B3621D38D56200F5DB54 /* NewsTableViewHeader.xib in Resources */ = {isa = PBXBuildFile; fileRef = E760B3611D38D56200F5DB54 /* NewsTableViewHeader.xib */; };
		E760B3661D38F52D00F5DB54 /* TransferNewCell.m in Sources */ = {isa = PBXBuildFile; fileRef = E760B3641D38F52D00F5DB54 /* TransferNewCell.m */; };
		E760B3671D38F52D00F5DB54 /* TransferNewCell.xib in Resources */ = {isa = PBXBuildFile; fileRef = E760B3651D38F52D00F5DB54 /* TransferNewCell.xib */; };
		E760B36B1D3C919100F5DB54 /* HotWordNewCell.m in Sources */ = {isa = PBXBuildFile; fileRef = E760B3691D3C919100F5DB54 /* HotWordNewCell.m */; };
		E760B36C1D3C919100F5DB54 /* HotWordNewCell.xib in Resources */ = {isa = PBXBuildFile; fileRef = E760B36A1D3C919100F5DB54 /* HotWordNewCell.xib */; };
		E760B3761D3CAD0600F5DB54 /* DetailNewsController.m in Sources */ = {isa = PBXBuildFile; fileRef = E760B3741D3CAD0600F5DB54 /* DetailNewsController.m */; };
		E760B3771D3CAD0600F5DB54 /* DetailNewsController.xib in Resources */ = {isa = PBXBuildFile; fileRef = E760B3751D3CAD0600F5DB54 /* DetailNewsController.xib */; };
		E760B37B1D3CC6EB00F5DB54 /* DetailNewsTopCell.m in Sources */ = {isa = PBXBuildFile; fileRef = E760B3791D3CC6EB00F5DB54 /* DetailNewsTopCell.m */; };
		E760B37C1D3CC6EB00F5DB54 /* DetailNewsTopCell.xib in Resources */ = {isa = PBXBuildFile; fileRef = E760B37A1D3CC6EB00F5DB54 /* DetailNewsTopCell.xib */; };
		E760B37F1D3CC8B200F5DB54 /* DetailNew.m in Sources */ = {isa = PBXBuildFile; fileRef = E760B37E1D3CC8B200F5DB54 /* DetailNew.m */; };
		E760B3831D3CDD6600F5DB54 /* DetailNewsCenterCell.m in Sources */ = {isa = PBXBuildFile; fileRef = E760B3811D3CDD6600F5DB54 /* DetailNewsCenterCell.m */; };
		E760B3841D3CDD6600F5DB54 /* DetailNewsCenterCell.xib in Resources */ = {isa = PBXBuildFile; fileRef = E760B3821D3CDD6600F5DB54 /* DetailNewsCenterCell.xib */; };
		E760B3861D3CE00800F5DB54 /* error.html in Resources */ = {isa = PBXBuildFile; fileRef = E760B3851D3CE00800F5DB54 /* error.html */; };
		E760B38A1D3E107200F5DB54 /* DetailHotNewsBottomCell.m in Sources */ = {isa = PBXBuildFile; fileRef = E760B3881D3E107200F5DB54 /* DetailHotNewsBottomCell.m */; };
		E760B38B1D3E107200F5DB54 /* DetailHotNewsBottomCell.xib in Resources */ = {isa = PBXBuildFile; fileRef = E760B3891D3E107200F5DB54 /* DetailHotNewsBottomCell.xib */; };
		E760B38F1D3E19BF00F5DB54 /* DetailRelNewsBottomCell.m in Sources */ = {isa = PBXBuildFile; fileRef = E760B38D1D3E19BF00F5DB54 /* DetailRelNewsBottomCell.m */; };
		E760B3901D3E19BF00F5DB54 /* DetailRelNewsBottomCell.xib in Resources */ = {isa = PBXBuildFile; fileRef = E760B38E1D3E19BF00F5DB54 /* DetailRelNewsBottomCell.xib */; };
		E760B3941D3E1C4700F5DB54 /* DetailNewSubTitleCell.m in Sources */ = {isa = PBXBuildFile; fileRef = E760B3921D3E1C4700F5DB54 /* DetailNewSubTitleCell.m */; };
		E760B3951D3E1C4700F5DB54 /* DetailNewSubTitleCell.xib in Resources */ = {isa = PBXBuildFile; fileRef = E760B3931D3E1C4700F5DB54 /* DetailNewSubTitleCell.xib */; };
		E760B3991D3E1DB800F5DB54 /* DetailNewSubNewCell.m in Sources */ = {isa = PBXBuildFile; fileRef = E760B3971D3E1DB800F5DB54 /* DetailNewSubNewCell.m */; };
		E760B39A1D3E1DB800F5DB54 /* DetailNewSubNewCell.xib in Resources */ = {isa = PBXBuildFile; fileRef = E760B3981D3E1DB800F5DB54 /* DetailNewSubNewCell.xib */; };
		E760B39E1D3E279B00F5DB54 /* DetailNewSubRelCell.m in Sources */ = {isa = PBXBuildFile; fileRef = E760B39C1D3E279B00F5DB54 /* DetailNewSubRelCell.m */; };
		E760B39F1D3E279B00F5DB54 /* DetailNewSubRelCell.xib in Resources */ = {isa = PBXBuildFile; fileRef = E760B39D1D3E279B00F5DB54 /* DetailNewSubRelCell.xib */; };
		E7BD57691CF4360D008F2D69 /* main.m in Sources */ = {isa = PBXBuildFile; fileRef = E7BD57681CF4360D008F2D69 /* main.m */; };
		E7BD576C1CF4360D008F2D69 /* AppDelegate.m in Sources */ = {isa = PBXBuildFile; fileRef = E7BD576B1CF4360D008F2D69 /* AppDelegate.m */; };
		E7BD576F1CF4360D008F2D69 /* ViewController.m in Sources */ = {isa = PBXBuildFile; fileRef = E7BD576E1CF4360D008F2D69 /* ViewController.m */; };
		E7BD57721CF4360D008F2D69 /* Main.storyboard in Resources */ = {isa = PBXBuildFile; fileRef = E7BD57701CF4360D008F2D69 /* Main.storyboard */; };
		E7BD57751CF4360D008F2D69 /* ESports.xcdatamodeld in Sources */ = {isa = PBXBuildFile; fileRef = E7BD57731CF4360D008F2D69 /* ESports.xcdatamodeld */; };
		E7BD57771CF4360D008F2D69 /* Assets.xcassets in Resources */ = {isa = PBXBuildFile; fileRef = E7BD57761CF4360D008F2D69 /* Assets.xcassets */; };
		E7BD577A1CF4360D008F2D69 /* LaunchScreen.storyboard in Resources */ = {isa = PBXBuildFile; fileRef = E7BD57781CF4360D008F2D69 /* LaunchScreen.storyboard */; };
		E7BD578A1CF5A0AC008F2D69 /* HttpSessionClient.m in Sources */ = {isa = PBXBuildFile; fileRef = E7BD57871CF5A0AC008F2D69 /* HttpSessionClient.m */; };
		E7BD578B1CF5A0AC008F2D69 /* HttpSessionManager.m in Sources */ = {isa = PBXBuildFile; fileRef = E7BD57891CF5A0AC008F2D69 /* HttpSessionManager.m */; };
		E7BD57921CF6E77F008F2D69 /* SystemConfig.m in Sources */ = {isa = PBXBuildFile; fileRef = E7BD578F1CF6E77F008F2D69 /* SystemConfig.m */; };
		E7BD57931CF6E77F008F2D69 /* UserConfig.m in Sources */ = {isa = PBXBuildFile; fileRef = E7BD57911CF6E77F008F2D69 /* UserConfig.m */; };
		E7BD57981CF6F4D3008F2D69 /* NSObject+Custom.m in Sources */ = {isa = PBXBuildFile; fileRef = E7BD57961CF6F4D3008F2D69 /* NSObject+Custom.m */; };
		E7BD579B1CF6FEFC008F2D69 /* MBProgressHUD+Custom.m in Sources */ = {isa = PBXBuildFile; fileRef = E7BD579A1CF6FEFC008F2D69 /* MBProgressHUD+Custom.m */; };
/* End PBXBuildFile section */

/* Begin PBXFileReference section */
		0546ABE69EB6F9413426DCA8 /* Pods-ESports.debug.xcconfig */ = {isa = PBXFileReference; includeInIndex = 1; lastKnownFileType = text.xcconfig; name = "Pods-ESports.debug.xcconfig"; path = "Pods/Target Support Files/Pods-ESports/Pods-ESports.debug.xcconfig"; sourceTree = "<group>"; };
		4BD28DF1E0C5C36A9CA254A2 /* Pods-ESports.release.xcconfig */ = {isa = PBXFileReference; includeInIndex = 1; lastKnownFileType = text.xcconfig; name = "Pods-ESports.release.xcconfig"; path = "Pods/Target Support Files/Pods-ESports/Pods-ESports.release.xcconfig"; sourceTree = "<group>"; };
		CB55A45EFCE0F154101452A5 /* libPods-ESports.a */ = {isa = PBXFileReference; explicitFileType = archive.ar; includeInIndex = 0; path = "libPods-ESports.a"; sourceTree = BUILT_PRODUCTS_DIR; };
		E72FD8031D1A75FF000A5CE6 /* HttpSessionClient+MultiLanguage.h */ = {isa = PBXFileReference; fileEncoding = 4; lastKnownFileType = sourcecode.c.h; path = "HttpSessionClient+MultiLanguage.h"; sourceTree = "<group>"; };
		E72FD8041D1A75FF000A5CE6 /* HttpSessionClient+MultiLanguage.m */ = {isa = PBXFileReference; fileEncoding = 4; lastKnownFileType = sourcecode.c.objc; path = "HttpSessionClient+MultiLanguage.m"; sourceTree = "<group>"; };
		E72FD8361D212A1B000A5CE6 /* BaseViewController.h */ = {isa = PBXFileReference; fileEncoding = 4; lastKnownFileType = sourcecode.c.h; path = BaseViewController.h; sourceTree = "<group>"; };
		E72FD8371D212A1B000A5CE6 /* BaseViewController.m */ = {isa = PBXFileReference; fileEncoding = 4; lastKnownFileType = sourcecode.c.objc; path = BaseViewController.m; sourceTree = "<group>"; };
		E72FD8411D23D8E2000A5CE6 /* LTZLocalizationKit.h */ = {isa = PBXFileReference; fileEncoding = 4; lastKnownFileType = sourcecode.c.h; path = LTZLocalizationKit.h; sourceTree = "<group>"; };
		E72FD8421D23D8E2000A5CE6 /* LTZLocalizationManager.h */ = {isa = PBXFileReference; fileEncoding = 4; lastKnownFileType = sourcecode.c.h; path = LTZLocalizationManager.h; sourceTree = "<group>"; };
		E72FD8431D23D8E2000A5CE6 /* LTZLocalizationManager.m */ = {isa = PBXFileReference; fileEncoding = 4; lastKnownFileType = sourcecode.c.objc; path = LTZLocalizationManager.m; sourceTree = "<group>"; };
		E72FD8441D23D8E2000A5CE6 /* NSObject+localization.h */ = {isa = PBXFileReference; fileEncoding = 4; lastKnownFileType = sourcecode.c.h; path = "NSObject+localization.h"; sourceTree = "<group>"; };
		E72FD8451D23D8E2000A5CE6 /* NSObject+localization.m */ = {isa = PBXFileReference; fileEncoding = 4; lastKnownFileType = sourcecode.c.objc; path = "NSObject+localization.m"; sourceTree = "<group>"; };
		E72FD8491D23D973000A5CE6 /* DefineValues.h */ = {isa = PBXFileReference; fileEncoding = 4; lastKnownFileType = sourcecode.c.h; path = DefineValues.h; sourceTree = "<group>"; };
		E72FD84A1D23E154000A5CE6 /* CoreGraphics.framework */ = {isa = PBXFileReference; lastKnownFileType = wrapper.framework; name = CoreGraphics.framework; path = System/Library/Frameworks/CoreGraphics.framework; sourceTree = SDKROOT; };
		E72FD84C1D24D37C000A5CE6 /* BaseNavigationController.h */ = {isa = PBXFileReference; fileEncoding = 4; lastKnownFileType = sourcecode.c.h; path = BaseNavigationController.h; sourceTree = "<group>"; };
		E72FD84D1D24D37C000A5CE6 /* BaseNavigationController.m */ = {isa = PBXFileReference; fileEncoding = 4; lastKnownFileType = sourcecode.c.objc; path = BaseNavigationController.m; sourceTree = "<group>"; };
		E72FD8511D24F420000A5CE6 /* NJKWebViewProgress.h */ = {isa = PBXFileReference; fileEncoding = 4; lastKnownFileType = sourcecode.c.h; path = NJKWebViewProgress.h; sourceTree = "<group>"; };
		E72FD8521D24F420000A5CE6 /* NJKWebViewProgress.m */ = {isa = PBXFileReference; fileEncoding = 4; lastKnownFileType = sourcecode.c.objc; path = NJKWebViewProgress.m; sourceTree = "<group>"; };
		E72FD8531D24F420000A5CE6 /* NJKWebViewProgressView.h */ = {isa = PBXFileReference; fileEncoding = 4; lastKnownFileType = sourcecode.c.h; path = NJKWebViewProgressView.h; sourceTree = "<group>"; };
		E72FD8541D24F420000A5CE6 /* NJKWebViewProgressView.m */ = {isa = PBXFileReference; fileEncoding = 4; lastKnownFileType = sourcecode.c.objc; path = NJKWebViewProgressView.m; sourceTree = "<group>"; };
		E72FD8551D24F420000A5CE6 /* RxWebViewController.h */ = {isa = PBXFileReference; fileEncoding = 4; lastKnownFileType = sourcecode.c.h; path = RxWebViewController.h; sourceTree = "<group>"; };
		E72FD8561D24F420000A5CE6 /* RxWebViewController.m */ = {isa = PBXFileReference; fileEncoding = 4; lastKnownFileType = sourcecode.c.objc; path = RxWebViewController.m; sourceTree = "<group>"; };
		E72FD8571D24F420000A5CE6 /* UINavigationController+RxWebViewNavigation.h */ = {isa = PBXFileReference; fileEncoding = 4; lastKnownFileType = sourcecode.c.h; path = "UINavigationController+RxWebViewNavigation.h"; sourceTree = "<group>"; };
		E72FD8581D24F420000A5CE6 /* UINavigationController+RxWebViewNavigation.m */ = {isa = PBXFileReference; fileEncoding = 4; lastKnownFileType = sourcecode.c.objc; path = "UINavigationController+RxWebViewNavigation.m"; sourceTree = "<group>"; };
		E72FD85E1D2508EC000A5CE6 /* backItemImage@2x.png */ = {isa = PBXFileReference; lastKnownFileType = image.png; path = "backItemImage@2x.png"; sourceTree = "<group>"; };
		E72FD85F1D2508EC000A5CE6 /* backItemImage_hl@2x.png */ = {isa = PBXFileReference; lastKnownFileType = image.png; path = "backItemImage_hl@2x.png"; sourceTree = "<group>"; };
		E72FD8601D2508EC000A5CE6 /* topbar.png */ = {isa = PBXFileReference; lastKnownFileType = image.png; path = topbar.png; sourceTree = "<group>"; };
		E72FD8611D2508EC000A5CE6 /* topbar@2x.png */ = {isa = PBXFileReference; lastKnownFileType = image.png; path = "topbar@2x.png"; sourceTree = "<group>"; };
		E72FD8621D2508EC000A5CE6 /* topbar@3x.png */ = {isa = PBXFileReference; lastKnownFileType = image.png; path = "topbar@3x.png"; sourceTree = "<group>"; };
		E72FD8821D251612000A5CE6 /* NewsController.h */ = {isa = PBXFileReference; fileEncoding = 4; lastKnownFileType = sourcecode.c.h; path = NewsController.h; sourceTree = "<group>"; };
		E72FD8831D251612000A5CE6 /* NewsController.m */ = {isa = PBXFileReference; fileEncoding = 4; lastKnownFileType = sourcecode.c.objc; path = NewsController.m; sourceTree = "<group>"; };
		E72FD8841D251612000A5CE6 /* NewsController.xib */ = {isa = PBXFileReference; fileEncoding = 4; lastKnownFileType = file.xib; path = NewsController.xib; sourceTree = "<group>"; };
		E72FD8871D2516D8000A5CE6 /* MatchsController.h */ = {isa = PBXFileReference; fileEncoding = 4; lastKnownFileType = sourcecode.c.h; path = MatchsController.h; sourceTree = "<group>"; };
		E72FD8881D2516D8000A5CE6 /* MatchsController.m */ = {isa = PBXFileReference; fileEncoding = 4; lastKnownFileType = sourcecode.c.objc; path = MatchsController.m; sourceTree = "<group>"; };
		E72FD8891D2516D8000A5CE6 /* MatchsController.xib */ = {isa = PBXFileReference; fileEncoding = 4; lastKnownFileType = file.xib; path = MatchsController.xib; sourceTree = "<group>"; };
		E72FD88C1D251721000A5CE6 /* RankingController.h */ = {isa = PBXFileReference; fileEncoding = 4; lastKnownFileType = sourcecode.c.h; path = RankingController.h; sourceTree = "<group>"; };
		E72FD88D1D251721000A5CE6 /* RankingController.m */ = {isa = PBXFileReference; fileEncoding = 4; lastKnownFileType = sourcecode.c.objc; path = RankingController.m; sourceTree = "<group>"; };
		E72FD88E1D251721000A5CE6 /* RankingController.xib */ = {isa = PBXFileReference; fileEncoding = 4; lastKnownFileType = file.xib; path = RankingController.xib; sourceTree = "<group>"; };
		E72FD8911D251735000A5CE6 /* StrengthRatingController.h */ = {isa = PBXFileReference; fileEncoding = 4; lastKnownFileType = sourcecode.c.h; path = StrengthRatingController.h; sourceTree = "<group>"; };
		E72FD8921D251735000A5CE6 /* StrengthRatingController.m */ = {isa = PBXFileReference; fileEncoding = 4; lastKnownFileType = sourcecode.c.objc; path = StrengthRatingController.m; sourceTree = "<group>"; };
		E72FD8931D251735000A5CE6 /* StrengthRatingController.xib */ = {isa = PBXFileReference; fileEncoding = 4; lastKnownFileType = file.xib; path = StrengthRatingController.xib; sourceTree = "<group>"; };
		E72FD89A1D264943000A5CE6 /* tabbar_matchs_h@2x.png */ = {isa = PBXFileReference; lastKnownFileType = image.png; path = "tabbar_matchs_h@2x.png"; sourceTree = "<group>"; };
		E72FD89B1D264943000A5CE6 /* tabbar_matchs_n@2x.png */ = {isa = PBXFileReference; lastKnownFileType = image.png; path = "tabbar_matchs_n@2x.png"; sourceTree = "<group>"; };
		E72FD89C1D264943000A5CE6 /* tabbar_news_h@2x.png */ = {isa = PBXFileReference; lastKnownFileType = image.png; path = "tabbar_news_h@2x.png"; sourceTree = "<group>"; };
		E72FD89D1D264943000A5CE6 /* tabbar_news_n@2x.png */ = {isa = PBXFileReference; lastKnownFileType = image.png; path = "tabbar_news_n@2x.png"; sourceTree = "<group>"; };
		E72FD89E1D264943000A5CE6 /* tabbar_ranking_h@2x.png */ = {isa = PBXFileReference; lastKnownFileType = image.png; path = "tabbar_ranking_h@2x.png"; sourceTree = "<group>"; };
		E72FD89F1D264943000A5CE6 /* tabbar_ranking_n@2x.png */ = {isa = PBXFileReference; lastKnownFileType = image.png; path = "tabbar_ranking_n@2x.png"; sourceTree = "<group>"; };
		E72FD8A01D264943000A5CE6 /* tabbar_strengthrating_h@2x.png */ = {isa = PBXFileReference; lastKnownFileType = image.png; path = "tabbar_strengthrating_h@2x.png"; sourceTree = "<group>"; };
		E72FD8A11D264943000A5CE6 /* tabbar_strengthrating_n@2x.png */ = {isa = PBXFileReference; lastKnownFileType = image.png; path = "tabbar_strengthrating_n@2x.png"; sourceTree = "<group>"; };
		E72FD8AC1D265A95000A5CE6 /* ESportsTabBarController.h */ = {isa = PBXFileReference; fileEncoding = 4; lastKnownFileType = sourcecode.c.h; path = ESportsTabBarController.h; sourceTree = "<group>"; };
		E72FD8AD1D265A95000A5CE6 /* ESportsTabBarController.m */ = {isa = PBXFileReference; fileEncoding = 4; lastKnownFileType = sourcecode.c.objc; path = ESportsTabBarController.m; sourceTree = "<group>"; };
		E72FD8AF1D267458000A5CE6 /* RDVTabBarController+reloadItems.h */ = {isa = PBXFileReference; fileEncoding = 4; lastKnownFileType = sourcecode.c.h; path = "RDVTabBarController+reloadItems.h"; sourceTree = "<group>"; };
		E72FD8B01D267458000A5CE6 /* RDVTabBarController+reloadItems.m */ = {isa = PBXFileReference; fileEncoding = 4; lastKnownFileType = sourcecode.c.objc; path = "RDVTabBarController+reloadItems.m"; sourceTree = "<group>"; };
		E72FD8B21D267C9B000A5CE6 /* nav_change_language_h@2x.png */ = {isa = PBXFileReference; lastKnownFileType = image.png; path = "nav_change_language_h@2x.png"; sourceTree = "<group>"; };
		E72FD8B31D267C9B000A5CE6 /* nav_change_language_n@2x.png */ = {isa = PBXFileReference; lastKnownFileType = image.png; path = "nav_change_language_n@2x.png"; sourceTree = "<group>"; };
		E73911B01D2A592D00F4A522 /* sys_language_english@2x.png */ = {isa = PBXFileReference; lastKnownFileType = image.png; path = "sys_language_english@2x.png"; sourceTree = "<group>"; };
		E73911B11D2A592D00F4A522 /* sys_language_s_chinese@2x.png */ = {isa = PBXFileReference; lastKnownFileType = image.png; path = "sys_language_s_chinese@2x.png"; sourceTree = "<group>"; };
		E73911B21D2A592D00F4A522 /* sys_language_t_chinese@2x.png */ = {isa = PBXFileReference; lastKnownFileType = image.png; path = "sys_language_t_chinese@2x.png"; sourceTree = "<group>"; };
		E73911B71D2A640B00F4A522 /* cell_line@2x.png */ = {isa = PBXFileReference; lastKnownFileType = image.png; path = "cell_line@2x.png"; sourceTree = "<group>"; };
		E73911B81D2A640B00F4A522 /* PopMenu.h */ = {isa = PBXFileReference; fileEncoding = 4; lastKnownFileType = sourcecode.c.h; path = PopMenu.h; sourceTree = "<group>"; };
		E73911B91D2A640B00F4A522 /* PopMenu.m */ = {isa = PBXFileReference; fileEncoding = 4; lastKnownFileType = sourcecode.c.objc; path = PopMenu.m; sourceTree = "<group>"; };
		E73911BA1D2A640B00F4A522 /* PopMenuCell.h */ = {isa = PBXFileReference; fileEncoding = 4; lastKnownFileType = sourcecode.c.h; path = PopMenuCell.h; sourceTree = "<group>"; };
		E73911BB1D2A640B00F4A522 /* PopMenuCell.m */ = {isa = PBXFileReference; fileEncoding = 4; lastKnownFileType = sourcecode.c.objc; path = PopMenuCell.m; sourceTree = "<group>"; };
		E73911BC1D2A640B00F4A522 /* PopMenuModel.h */ = {isa = PBXFileReference; fileEncoding = 4; lastKnownFileType = sourcecode.c.h; path = PopMenuModel.h; sourceTree = "<group>"; };
		E73911BD1D2A640B00F4A522 /* PopMenuModel.m */ = {isa = PBXFileReference; fileEncoding = 4; lastKnownFileType = sourcecode.c.objc; path = PopMenuModel.m; sourceTree = "<group>"; };
		E73911BE1D2A640B00F4A522 /* PopMenuStyle.h */ = {isa = PBXFileReference; fileEncoding = 4; lastKnownFileType = sourcecode.c.h; path = PopMenuStyle.h; sourceTree = "<group>"; };
		E73911BF1D2A640B00F4A522 /* PopMenuStyle.m */ = {isa = PBXFileReference; fileEncoding = 4; lastKnownFileType = sourcecode.c.objc; path = PopMenuStyle.m; sourceTree = "<group>"; };
		E760B3261D2D1C6D00F5DB54 /* DropdownMenu.h */ = {isa = PBXFileReference; fileEncoding = 4; lastKnownFileType = sourcecode.c.h; path = DropdownMenu.h; sourceTree = "<group>"; };
		E760B3271D2D1C6D00F5DB54 /* DropdownMenu.m */ = {isa = PBXFileReference; fileEncoding = 4; lastKnownFileType = sourcecode.c.objc; path = DropdownMenu.m; sourceTree = "<group>"; };
		E760B3291D2D1CA000F5DB54 /* DropdownMenuItem.h */ = {isa = PBXFileReference; fileEncoding = 4; lastKnownFileType = sourcecode.c.h; path = DropdownMenuItem.h; sourceTree = "<group>"; };
		E760B32A1D2D1CA000F5DB54 /* DropdownMenuItem.m */ = {isa = PBXFileReference; fileEncoding = 4; lastKnownFileType = sourcecode.c.objc; path = DropdownMenuItem.m; sourceTree = "<group>"; };
		E760B32C1D2E05DA00F5DB54 /* DropdownMenuItemCell.h */ = {isa = PBXFileReference; fileEncoding = 4; lastKnownFileType = sourcecode.c.h; path = DropdownMenuItemCell.h; sourceTree = "<group>"; };
		E760B32D1D2E05DA00F5DB54 /* DropdownMenuItemCell.m */ = {isa = PBXFileReference; fileEncoding = 4; lastKnownFileType = sourcecode.c.objc; path = DropdownMenuItemCell.m; sourceTree = "<group>"; };
		E760B32E1D2E05DA00F5DB54 /* DropdownMenuItemCell.xib */ = {isa = PBXFileReference; fileEncoding = 4; lastKnownFileType = file.xib; path = DropdownMenuItemCell.xib; sourceTree = "<group>"; };
		E760B3311D2E386000F5DB54 /* location_selected@2x.png */ = {isa = PBXFileReference; lastKnownFileType = image.png; path = "location_selected@2x.png"; sourceTree = "<group>"; };
		E760B3331D2E39AD00F5DB54 /* location_drop_n@2x.png */ = {isa = PBXFileReference; lastKnownFileType = image.png; path = "location_drop_n@2x.png"; sourceTree = "<group>"; };
		E760B3341D2E39AD00F5DB54 /* location_drop_h@2x.png */ = {isa = PBXFileReference; lastKnownFileType = image.png; path = "location_drop_h@2x.png"; sourceTree = "<group>"; };
		E760B3381D2FA61000F5DB54 /* ionicons-codes.h */ = {isa = PBXFileReference; fileEncoding = 4; lastKnownFileType = sourcecode.c.h; path = "ionicons-codes.h"; sourceTree = "<group>"; };
		E760B3391D2FA61000F5DB54 /* IonIcons.h */ = {isa = PBXFileReference; fileEncoding = 4; lastKnownFileType = sourcecode.c.h; path = IonIcons.h; sourceTree = "<group>"; };
		E760B33A1D2FA61000F5DB54 /* IonIcons.m */ = {isa = PBXFileReference; fileEncoding = 4; lastKnownFileType = sourcecode.c.objc; path = IonIcons.m; sourceTree = "<group>"; };
		E760B33B1D2FA61000F5DB54 /* ionicons.ttf */ = {isa = PBXFileReference; lastKnownFileType = file; path = ionicons.ttf; sourceTree = "<group>"; };
		E760B33C1D2FA61000F5DB54 /* LICENSE */ = {isa = PBXFileReference; fileEncoding = 4; lastKnownFileType = text; path = LICENSE; sourceTree = "<group>"; };
		E760B33D1D2FA61000F5DB54 /* README.md */ = {isa = PBXFileReference; fileEncoding = 4; lastKnownFileType = net.daringfireball.markdown; path = README.md; sourceTree = "<group>"; };
		E760B3421D363EC900F5DB54 /* HotWordNew.h */ = {isa = PBXFileReference; fileEncoding = 4; lastKnownFileType = sourcecode.c.h; path = HotWordNew.h; sourceTree = "<group>"; };
		E760B3431D363EC900F5DB54 /* HotWordNew.m */ = {isa = PBXFileReference; fileEncoding = 4; lastKnownFileType = sourcecode.c.objc; path = HotWordNew.m; sourceTree = "<group>"; };
		E760B3451D363EF200F5DB54 /* HotFocusNew.h */ = {isa = PBXFileReference; fileEncoding = 4; lastKnownFileType = sourcecode.c.h; path = HotFocusNew.h; sourceTree = "<group>"; };
		E760B3461D363EF200F5DB54 /* HotFocusNew.m */ = {isa = PBXFileReference; fileEncoding = 4; lastKnownFileType = sourcecode.c.objc; path = HotFocusNew.m; sourceTree = "<group>"; };
		E760B3481D363F1700F5DB54 /* TransferNew.h */ = {isa = PBXFileReference; fileEncoding = 4; lastKnownFileType = sourcecode.c.h; path = TransferNew.h; sourceTree = "<group>"; };
		E760B3491D363F1700F5DB54 /* TransferNew.m */ = {isa = PBXFileReference; fileEncoding = 4; lastKnownFileType = sourcecode.c.objc; path = TransferNew.m; sourceTree = "<group>"; };
		E760B34B1D36471B00F5DB54 /* NewsRotationImage.h */ = {isa = PBXFileReference; fileEncoding = 4; lastKnownFileType = sourcecode.c.h; path = NewsRotationImage.h; sourceTree = "<group>"; };
		E760B34C1D36471B00F5DB54 /* NewsRotationImage.m */ = {isa = PBXFileReference; fileEncoding = 4; lastKnownFileType = sourcecode.c.objc; path = NewsRotationImage.m; sourceTree = "<group>"; };
		E760B34E1D36559700F5DB54 /* HotWordNewManager.h */ = {isa = PBXFileReference; fileEncoding = 4; lastKnownFileType = sourcecode.c.h; path = HotWordNewManager.h; sourceTree = "<group>"; };
		E760B34F1D36559700F5DB54 /* HotWordNewManager.m */ = {isa = PBXFileReference; fileEncoding = 4; lastKnownFileType = sourcecode.c.objc; path = HotWordNewManager.m; sourceTree = "<group>"; };
		E760B3511D365A4D00F5DB54 /* TransferNewManager.h */ = {isa = PBXFileReference; fileEncoding = 4; lastKnownFileType = sourcecode.c.h; path = TransferNewManager.h; sourceTree = "<group>"; };
		E760B3521D365A4D00F5DB54 /* TransferNewManager.m */ = {isa = PBXFileReference; fileEncoding = 4; lastKnownFileType = sourcecode.c.objc; path = TransferNewManager.m; sourceTree = "<group>"; };
		E760B3541D37756E00F5DB54 /* NewsRotationImageCell.h */ = {isa = PBXFileReference; fileEncoding = 4; lastKnownFileType = sourcecode.c.h; path = NewsRotationImageCell.h; sourceTree = "<group>"; };
		E760B3551D37756E00F5DB54 /* NewsRotationImageCell.m */ = {isa = PBXFileReference; fileEncoding = 4; lastKnownFileType = sourcecode.c.objc; path = NewsRotationImageCell.m; sourceTree = "<group>"; };
		E760B3561D37756E00F5DB54 /* NewsRotationImageCell.xib */ = {isa = PBXFileReference; fileEncoding = 4; lastKnownFileType = file.xib; path = NewsRotationImageCell.xib; sourceTree = "<group>"; };
		E760B3591D379ADA00F5DB54 /* HotFocusNewCell.h */ = {isa = PBXFileReference; fileEncoding = 4; lastKnownFileType = sourcecode.c.h; path = HotFocusNewCell.h; sourceTree = "<group>"; };
		E760B35A1D379ADA00F5DB54 /* HotFocusNewCell.m */ = {isa = PBXFileReference; fileEncoding = 4; lastKnownFileType = sourcecode.c.objc; path = HotFocusNewCell.m; sourceTree = "<group>"; };
		E760B35B1D379ADA00F5DB54 /* HotFocusNewCell.xib */ = {isa = PBXFileReference; fileEncoding = 4; lastKnownFileType = file.xib; path = HotFocusNewCell.xib; sourceTree = "<group>"; };
		E760B35E1D38D34200F5DB54 /* NewsTableViewHeader.h */ = {isa = PBXFileReference; fileEncoding = 4; lastKnownFileType = sourcecode.c.h; path = NewsTableViewHeader.h; sourceTree = "<group>"; };
		E760B35F1D38D34200F5DB54 /* NewsTableViewHeader.m */ = {isa = PBXFileReference; fileEncoding = 4; lastKnownFileType = sourcecode.c.objc; path = NewsTableViewHeader.m; sourceTree = "<group>"; };
		E760B3611D38D56200F5DB54 /* NewsTableViewHeader.xib */ = {isa = PBXFileReference; fileEncoding = 4; lastKnownFileType = file.xib; path = NewsTableViewHeader.xib; sourceTree = "<group>"; };
		E760B3631D38F52D00F5DB54 /* TransferNewCell.h */ = {isa = PBXFileReference; fileEncoding = 4; lastKnownFileType = sourcecode.c.h; path = TransferNewCell.h; sourceTree = "<group>"; };
		E760B3641D38F52D00F5DB54 /* TransferNewCell.m */ = {isa = PBXFileReference; fileEncoding = 4; lastKnownFileType = sourcecode.c.objc; path = TransferNewCell.m; sourceTree = "<group>"; };
		E760B3651D38F52D00F5DB54 /* TransferNewCell.xib */ = {isa = PBXFileReference; fileEncoding = 4; lastKnownFileType = file.xib; path = TransferNewCell.xib; sourceTree = "<group>"; };
		E760B3681D3C919100F5DB54 /* HotWordNewCell.h */ = {isa = PBXFileReference; fileEncoding = 4; lastKnownFileType = sourcecode.c.h; path = HotWordNewCell.h; sourceTree = "<group>"; };
		E760B3691D3C919100F5DB54 /* HotWordNewCell.m */ = {isa = PBXFileReference; fileEncoding = 4; lastKnownFileType = sourcecode.c.objc; path = HotWordNewCell.m; sourceTree = "<group>"; };
		E760B36A1D3C919100F5DB54 /* HotWordNewCell.xib */ = {isa = PBXFileReference; fileEncoding = 4; lastKnownFileType = file.xib; path = HotWordNewCell.xib; sourceTree = "<group>"; };
		E760B3731D3CAD0600F5DB54 /* DetailNewsController.h */ = {isa = PBXFileReference; fileEncoding = 4; lastKnownFileType = sourcecode.c.h; path = DetailNewsController.h; sourceTree = "<group>"; };
		E760B3741D3CAD0600F5DB54 /* DetailNewsController.m */ = {isa = PBXFileReference; fileEncoding = 4; lastKnownFileType = sourcecode.c.objc; path = DetailNewsController.m; sourceTree = "<group>"; };
		E760B3751D3CAD0600F5DB54 /* DetailNewsController.xib */ = {isa = PBXFileReference; fileEncoding = 4; lastKnownFileType = file.xib; path = DetailNewsController.xib; sourceTree = "<group>"; };
		E760B3781D3CC6EB00F5DB54 /* DetailNewsTopCell.h */ = {isa = PBXFileReference; fileEncoding = 4; lastKnownFileType = sourcecode.c.h; path = DetailNewsTopCell.h; sourceTree = "<group>"; };
		E760B3791D3CC6EB00F5DB54 /* DetailNewsTopCell.m */ = {isa = PBXFileReference; fileEncoding = 4; lastKnownFileType = sourcecode.c.objc; path = DetailNewsTopCell.m; sourceTree = "<group>"; };
		E760B37A1D3CC6EB00F5DB54 /* DetailNewsTopCell.xib */ = {isa = PBXFileReference; fileEncoding = 4; lastKnownFileType = file.xib; path = DetailNewsTopCell.xib; sourceTree = "<group>"; };
		E760B37D1D3CC8B200F5DB54 /* DetailNew.h */ = {isa = PBXFileReference; fileEncoding = 4; lastKnownFileType = sourcecode.c.h; path = DetailNew.h; sourceTree = "<group>"; };
		E760B37E1D3CC8B200F5DB54 /* DetailNew.m */ = {isa = PBXFileReference; fileEncoding = 4; lastKnownFileType = sourcecode.c.objc; path = DetailNew.m; sourceTree = "<group>"; };
		E760B3801D3CDD6600F5DB54 /* DetailNewsCenterCell.h */ = {isa = PBXFileReference; fileEncoding = 4; lastKnownFileType = sourcecode.c.h; path = DetailNewsCenterCell.h; sourceTree = "<group>"; };
		E760B3811D3CDD6600F5DB54 /* DetailNewsCenterCell.m */ = {isa = PBXFileReference; fileEncoding = 4; lastKnownFileType = sourcecode.c.objc; path = DetailNewsCenterCell.m; sourceTree = "<group>"; };
		E760B3821D3CDD6600F5DB54 /* DetailNewsCenterCell.xib */ = {isa = PBXFileReference; fileEncoding = 4; lastKnownFileType = file.xib; path = DetailNewsCenterCell.xib; sourceTree = "<group>"; };
		E760B3851D3CE00800F5DB54 /* error.html */ = {isa = PBXFileReference; fileEncoding = 4; lastKnownFileType = text.html; path = error.html; sourceTree = "<group>"; };
		E760B3871D3E107200F5DB54 /* DetailHotNewsBottomCell.h */ = {isa = PBXFileReference; fileEncoding = 4; lastKnownFileType = sourcecode.c.h; path = DetailHotNewsBottomCell.h; sourceTree = "<group>"; };
		E760B3881D3E107200F5DB54 /* DetailHotNewsBottomCell.m */ = {isa = PBXFileReference; fileEncoding = 4; lastKnownFileType = sourcecode.c.objc; path = DetailHotNewsBottomCell.m; sourceTree = "<group>"; };
		E760B3891D3E107200F5DB54 /* DetailHotNewsBottomCell.xib */ = {isa = PBXFileReference; fileEncoding = 4; lastKnownFileType = file.xib; path = DetailHotNewsBottomCell.xib; sourceTree = "<group>"; };
		E760B38C1D3E19BF00F5DB54 /* DetailRelNewsBottomCell.h */ = {isa = PBXFileReference; fileEncoding = 4; lastKnownFileType = sourcecode.c.h; path = DetailRelNewsBottomCell.h; sourceTree = "<group>"; };
		E760B38D1D3E19BF00F5DB54 /* DetailRelNewsBottomCell.m */ = {isa = PBXFileReference; fileEncoding = 4; lastKnownFileType = sourcecode.c.objc; path = DetailRelNewsBottomCell.m; sourceTree = "<group>"; };
		E760B38E1D3E19BF00F5DB54 /* DetailRelNewsBottomCell.xib */ = {isa = PBXFileReference; fileEncoding = 4; lastKnownFileType = file.xib; path = DetailRelNewsBottomCell.xib; sourceTree = "<group>"; };
		E760B3911D3E1C4700F5DB54 /* DetailNewSubTitleCell.h */ = {isa = PBXFileReference; fileEncoding = 4; lastKnownFileType = sourcecode.c.h; path = DetailNewSubTitleCell.h; sourceTree = "<group>"; };
		E760B3921D3E1C4700F5DB54 /* DetailNewSubTitleCell.m */ = {isa = PBXFileReference; fileEncoding = 4; lastKnownFileType = sourcecode.c.objc; path = DetailNewSubTitleCell.m; sourceTree = "<group>"; };
		E760B3931D3E1C4700F5DB54 /* DetailNewSubTitleCell.xib */ = {isa = PBXFileReference; fileEncoding = 4; lastKnownFileType = file.xib; path = DetailNewSubTitleCell.xib; sourceTree = "<group>"; };
		E760B3961D3E1DB800F5DB54 /* DetailNewSubNewCell.h */ = {isa = PBXFileReference; fileEncoding = 4; lastKnownFileType = sourcecode.c.h; path = DetailNewSubNewCell.h; sourceTree = "<group>"; };
		E760B3971D3E1DB800F5DB54 /* DetailNewSubNewCell.m */ = {isa = PBXFileReference; fileEncoding = 4; lastKnownFileType = sourcecode.c.objc; path = DetailNewSubNewCell.m; sourceTree = "<group>"; };
		E760B3981D3E1DB800F5DB54 /* DetailNewSubNewCell.xib */ = {isa = PBXFileReference; fileEncoding = 4; lastKnownFileType = file.xib; path = DetailNewSubNewCell.xib; sourceTree = "<group>"; };
		E760B39B1D3E279B00F5DB54 /* DetailNewSubRelCell.h */ = {isa = PBXFileReference; fileEncoding = 4; lastKnownFileType = sourcecode.c.h; path = DetailNewSubRelCell.h; sourceTree = "<group>"; };
		E760B39C1D3E279B00F5DB54 /* DetailNewSubRelCell.m */ = {isa = PBXFileReference; fileEncoding = 4; lastKnownFileType = sourcecode.c.objc; path = DetailNewSubRelCell.m; sourceTree = "<group>"; };
		E760B39D1D3E279B00F5DB54 /* DetailNewSubRelCell.xib */ = {isa = PBXFileReference; fileEncoding = 4; lastKnownFileType = file.xib; path = DetailNewSubRelCell.xib; sourceTree = "<group>"; };
		E768AF301D2A1ACC008CF826 /* LanguageList.h */ = {isa = PBXFileReference; lastKnownFileType = sourcecode.c.h; path = LanguageList.h; sourceTree = "<group>"; };
		E7BD57641CF4360D008F2D69 /* ESports.app */ = {isa = PBXFileReference; explicitFileType = wrapper.application; includeInIndex = 0; path = ESports.app; sourceTree = BUILT_PRODUCTS_DIR; };
		E7BD57681CF4360D008F2D69 /* main.m */ = {isa = PBXFileReference; lastKnownFileType = sourcecode.c.objc; path = main.m; sourceTree = "<group>"; };
		E7BD576A1CF4360D008F2D69 /* AppDelegate.h */ = {isa = PBXFileReference; lastKnownFileType = sourcecode.c.h; path = AppDelegate.h; sourceTree = "<group>"; };
		E7BD576B1CF4360D008F2D69 /* AppDelegate.m */ = {isa = PBXFileReference; lastKnownFileType = sourcecode.c.objc; path = AppDelegate.m; sourceTree = "<group>"; };
		E7BD576D1CF4360D008F2D69 /* ViewController.h */ = {isa = PBXFileReference; lastKnownFileType = sourcecode.c.h; path = ViewController.h; sourceTree = "<group>"; };
		E7BD576E1CF4360D008F2D69 /* ViewController.m */ = {isa = PBXFileReference; lastKnownFileType = sourcecode.c.objc; path = ViewController.m; sourceTree = "<group>"; };
		E7BD57711CF4360D008F2D69 /* Base */ = {isa = PBXFileReference; lastKnownFileType = file.storyboard; name = Base; path = Base.lproj/Main.storyboard; sourceTree = "<group>"; };
		E7BD57741CF4360D008F2D69 /* ESports.xcdatamodel */ = {isa = PBXFileReference; lastKnownFileType = wrapper.xcdatamodel; path = ESports.xcdatamodel; sourceTree = "<group>"; };
		E7BD57761CF4360D008F2D69 /* Assets.xcassets */ = {isa = PBXFileReference; lastKnownFileType = folder.assetcatalog; path = Assets.xcassets; sourceTree = "<group>"; };
		E7BD57791CF4360D008F2D69 /* Base */ = {isa = PBXFileReference; lastKnownFileType = file.storyboard; name = Base; path = Base.lproj/LaunchScreen.storyboard; sourceTree = "<group>"; };
		E7BD577B1CF4360D008F2D69 /* Info.plist */ = {isa = PBXFileReference; lastKnownFileType = text.plist.xml; path = Info.plist; sourceTree = "<group>"; };
		E7BD57851CF58BD6008F2D69 /* ESports.pch */ = {isa = PBXFileReference; lastKnownFileType = sourcecode.c.h; path = ESports.pch; sourceTree = "<group>"; };
		E7BD57861CF5A0AC008F2D69 /* HttpSessionClient.h */ = {isa = PBXFileReference; fileEncoding = 4; lastKnownFileType = sourcecode.c.h; path = HttpSessionClient.h; sourceTree = "<group>"; };
		E7BD57871CF5A0AC008F2D69 /* HttpSessionClient.m */ = {isa = PBXFileReference; fileEncoding = 4; lastKnownFileType = sourcecode.c.objc; path = HttpSessionClient.m; sourceTree = "<group>"; };
		E7BD57881CF5A0AC008F2D69 /* HttpSessionManager.h */ = {isa = PBXFileReference; fileEncoding = 4; lastKnownFileType = sourcecode.c.h; path = HttpSessionManager.h; sourceTree = "<group>"; };
		E7BD57891CF5A0AC008F2D69 /* HttpSessionManager.m */ = {isa = PBXFileReference; fileEncoding = 4; lastKnownFileType = sourcecode.c.objc; path = HttpSessionManager.m; sourceTree = "<group>"; };
		E7BD578D1CF6E77F008F2D69 /* NetworkAPIs.h */ = {isa = PBXFileReference; fileEncoding = 4; lastKnownFileType = sourcecode.c.h; path = NetworkAPIs.h; sourceTree = "<group>"; };
		E7BD578E1CF6E77F008F2D69 /* SystemConfig.h */ = {isa = PBXFileReference; fileEncoding = 4; lastKnownFileType = sourcecode.c.h; path = SystemConfig.h; sourceTree = "<group>"; };
		E7BD578F1CF6E77F008F2D69 /* SystemConfig.m */ = {isa = PBXFileReference; fileEncoding = 4; lastKnownFileType = sourcecode.c.objc; path = SystemConfig.m; sourceTree = "<group>"; };
		E7BD57901CF6E77F008F2D69 /* UserConfig.h */ = {isa = PBXFileReference; fileEncoding = 4; lastKnownFileType = sourcecode.c.h; path = UserConfig.h; sourceTree = "<group>"; };
		E7BD57911CF6E77F008F2D69 /* UserConfig.m */ = {isa = PBXFileReference; fileEncoding = 4; lastKnownFileType = sourcecode.c.objc; path = UserConfig.m; sourceTree = "<group>"; };
		E7BD57961CF6F4D3008F2D69 /* NSObject+Custom.m */ = {isa = PBXFileReference; fileEncoding = 4; lastKnownFileType = sourcecode.c.objc; path = "NSObject+Custom.m"; sourceTree = "<group>"; };
		E7BD57971CF6F4D3008F2D69 /* NSObject+Custom.h */ = {isa = PBXFileReference; fileEncoding = 4; lastKnownFileType = sourcecode.c.h; path = "NSObject+Custom.h"; sourceTree = "<group>"; };
		E7BD57991CF6FEF6008F2D69 /* MBProgressHUD+Custom.h */ = {isa = PBXFileReference; lastKnownFileType = sourcecode.c.h; path = "MBProgressHUD+Custom.h"; sourceTree = "<group>"; };
		E7BD579A1CF6FEFC008F2D69 /* MBProgressHUD+Custom.m */ = {isa = PBXFileReference; fileEncoding = 4; lastKnownFileType = sourcecode.c.objc; path = "MBProgressHUD+Custom.m"; sourceTree = "<group>"; };
		E7BD579F1CF8125C008F2D69 /* SingletonManager.h */ = {isa = PBXFileReference; lastKnownFileType = sourcecode.c.h; path = SingletonManager.h; sourceTree = "<group>"; };
/* End PBXFileReference section */

/* Begin PBXFrameworksBuildPhase section */
		E7BD57611CF4360D008F2D69 /* Frameworks */ = {
			isa = PBXFrameworksBuildPhase;
			buildActionMask = 2147483647;
			files = (
				E72FD84B1D23E154000A5CE6 /* CoreGraphics.framework in Frameworks */,
				C5B90910DD535927CA2E899C /* libPods-ESports.a in Frameworks */,
			);
			runOnlyForDeploymentPostprocessing = 0;
		};
/* End PBXFrameworksBuildPhase section */

/* Begin PBXGroup section */
		9862D763C39376D9EDB3F3EC /* Frameworks */ = {
			isa = PBXGroup;
			children = (
				E72FD84A1D23E154000A5CE6 /* CoreGraphics.framework */,
				CB55A45EFCE0F154101452A5 /* libPods-ESports.a */,
			);
			name = Frameworks;
			sourceTree = "<group>";
		};
		A12F8592AF6567BB6CADE528 /* Pods */ = {
			isa = PBXGroup;
			children = (
				0546ABE69EB6F9413426DCA8 /* Pods-ESports.debug.xcconfig */,
				4BD28DF1E0C5C36A9CA254A2 /* Pods-ESports.release.xcconfig */,
			);
			name = Pods;
			sourceTree = "<group>";
		};
		E72FD8021D1A4B6A000A5CE6 /* Modules */ = {
			isa = PBXGroup;
			children = (
				E760B36D1D3CACCD00F5DB54 /* DetailNews */,
				E760B3201D2D194E00F5DB54 /* DropdownMenu */,
				E72FD8961D264943000A5CE6 /* MainTabbar */,
				E72FD86A1D251575000A5CE6 /* Matchs */,
				E72FD8701D251575000A5CE6 /* News */,
				E72FD8761D251575000A5CE6 /* Ranking */,
				E72FD87C1D251575000A5CE6 /* StrengthRating */,
				E72FD8351D210D59000A5CE6 /* BaseClasses */,
			);
			path = Modules;
			sourceTree = "<group>";
		};
		E72FD8351D210D59000A5CE6 /* BaseClasses */ = {
			isa = PBXGroup;
			children = (
				E72FD85D1D2508EC000A5CE6 /* Resources */,
				E72FD8361D212A1B000A5CE6 /* BaseViewController.h */,
				E72FD8371D212A1B000A5CE6 /* BaseViewController.m */,
				E72FD84C1D24D37C000A5CE6 /* BaseNavigationController.h */,
				E72FD84D1D24D37C000A5CE6 /* BaseNavigationController.m */,
			);
			path = BaseClasses;
			sourceTree = "<group>";
		};
		E72FD8401D23D8E2000A5CE6 /* LTZLocalizationKit */ = {
			isa = PBXGroup;
			children = (
				E72FD8411D23D8E2000A5CE6 /* LTZLocalizationKit.h */,
				E72FD8421D23D8E2000A5CE6 /* LTZLocalizationManager.h */,
				E72FD8431D23D8E2000A5CE6 /* LTZLocalizationManager.m */,
				E72FD8441D23D8E2000A5CE6 /* NSObject+localization.h */,
				E72FD8451D23D8E2000A5CE6 /* NSObject+localization.m */,
				E768AF301D2A1ACC008CF826 /* LanguageList.h */,
			);
			path = LTZLocalizationKit;
			sourceTree = "<group>";
		};
		E72FD8481D23D973000A5CE6 /* DefineValues */ = {
			isa = PBXGroup;
			children = (
				E72FD8491D23D973000A5CE6 /* DefineValues.h */,
			);
			path = DefineValues;
			sourceTree = "<group>";
		};
		E72FD84F1D24F420000A5CE6 /* RxWebViewController */ = {
			isa = PBXGroup;
			children = (
				E72FD8501D24F420000A5CE6 /* NJKWebViewProgress */,
				E72FD8551D24F420000A5CE6 /* RxWebViewController.h */,
				E72FD8561D24F420000A5CE6 /* RxWebViewController.m */,
				E72FD8571D24F420000A5CE6 /* UINavigationController+RxWebViewNavigation.h */,
				E72FD8581D24F420000A5CE6 /* UINavigationController+RxWebViewNavigation.m */,
			);
			path = RxWebViewController;
			sourceTree = "<group>";
		};
		E72FD8501D24F420000A5CE6 /* NJKWebViewProgress */ = {
			isa = PBXGroup;
			children = (
				E72FD8511D24F420000A5CE6 /* NJKWebViewProgress.h */,
				E72FD8521D24F420000A5CE6 /* NJKWebViewProgress.m */,
				E72FD8531D24F420000A5CE6 /* NJKWebViewProgressView.h */,
				E72FD8541D24F420000A5CE6 /* NJKWebViewProgressView.m */,
			);
			path = NJKWebViewProgress;
			sourceTree = "<group>";
		};
		E72FD85D1D2508EC000A5CE6 /* Resources */ = {
			isa = PBXGroup;
			children = (
				E73911AF1D2A592D00F4A522 /* LanguageIcons */,
				E72FD85E1D2508EC000A5CE6 /* backItemImage@2x.png */,
				E72FD85F1D2508EC000A5CE6 /* backItemImage_hl@2x.png */,
				E72FD8601D2508EC000A5CE6 /* topbar.png */,
				E72FD8611D2508EC000A5CE6 /* topbar@2x.png */,
				E72FD8621D2508EC000A5CE6 /* topbar@3x.png */,
				E72FD8B21D267C9B000A5CE6 /* nav_change_language_h@2x.png */,
				E72FD8B31D267C9B000A5CE6 /* nav_change_language_n@2x.png */,
			);
			path = Resources;
			sourceTree = "<group>";
		};
		E72FD86A1D251575000A5CE6 /* Matchs */ = {
			isa = PBXGroup;
			children = (
				E72FD86B1D251575000A5CE6 /* Managers&Helpers */,
				E72FD86C1D251575000A5CE6 /* Models */,
				E72FD86D1D251575000A5CE6 /* Resources */,
				E72FD86E1D251575000A5CE6 /* ViewControllers */,
				E72FD86F1D251575000A5CE6 /* Views */,
			);
			path = Matchs;
			sourceTree = "<group>";
		};
		E72FD86B1D251575000A5CE6 /* Managers&Helpers */ = {
			isa = PBXGroup;
			children = (
			);
			path = "Managers&Helpers";
			sourceTree = "<group>";
		};
		E72FD86C1D251575000A5CE6 /* Models */ = {
			isa = PBXGroup;
			children = (
			);
			path = Models;
			sourceTree = "<group>";
		};
		E72FD86D1D251575000A5CE6 /* Resources */ = {
			isa = PBXGroup;
			children = (
			);
			path = Resources;
			sourceTree = "<group>";
		};
		E72FD86E1D251575000A5CE6 /* ViewControllers */ = {
			isa = PBXGroup;
			children = (
				E72FD8871D2516D8000A5CE6 /* MatchsController.h */,
				E72FD8881D2516D8000A5CE6 /* MatchsController.m */,
				E72FD8891D2516D8000A5CE6 /* MatchsController.xib */,
			);
			path = ViewControllers;
			sourceTree = "<group>";
		};
		E72FD86F1D251575000A5CE6 /* Views */ = {
			isa = PBXGroup;
			children = (
			);
			path = Views;
			sourceTree = "<group>";
		};
		E72FD8701D251575000A5CE6 /* News */ = {
			isa = PBXGroup;
			children = (
				E72FD8711D251575000A5CE6 /* Managers&Helpers */,
				E72FD8721D251575000A5CE6 /* Models */,
				E72FD8731D251575000A5CE6 /* Resources */,
				E72FD8741D251575000A5CE6 /* ViewControllers */,
				E72FD8751D251575000A5CE6 /* Views */,
			);
			path = News;
			sourceTree = "<group>";
		};
		E72FD8711D251575000A5CE6 /* Managers&Helpers */ = {
			isa = PBXGroup;
			children = (
			);
			path = "Managers&Helpers";
			sourceTree = "<group>";
		};
		E72FD8721D251575000A5CE6 /* Models */ = {
			isa = PBXGroup;
			children = (
				E760B3421D363EC900F5DB54 /* HotWordNew.h */,
				E760B3431D363EC900F5DB54 /* HotWordNew.m */,
				E760B3451D363EF200F5DB54 /* HotFocusNew.h */,
				E760B3461D363EF200F5DB54 /* HotFocusNew.m */,
				E760B3481D363F1700F5DB54 /* TransferNew.h */,
				E760B3491D363F1700F5DB54 /* TransferNew.m */,
				E760B34B1D36471B00F5DB54 /* NewsRotationImage.h */,
				E760B34C1D36471B00F5DB54 /* NewsRotationImage.m */,
				E760B34E1D36559700F5DB54 /* HotWordNewManager.h */,
				E760B34F1D36559700F5DB54 /* HotWordNewManager.m */,
				E760B3511D365A4D00F5DB54 /* TransferNewManager.h */,
				E760B3521D365A4D00F5DB54 /* TransferNewManager.m */,
			);
			path = Models;
			sourceTree = "<group>";
		};
		E72FD8731D251575000A5CE6 /* Resources */ = {
			isa = PBXGroup;
			children = (
			);
			path = Resources;
			sourceTree = "<group>";
		};
		E72FD8741D251575000A5CE6 /* ViewControllers */ = {
			isa = PBXGroup;
			children = (
				E72FD8821D251612000A5CE6 /* NewsController.h */,
				E72FD8831D251612000A5CE6 /* NewsController.m */,
				E72FD8841D251612000A5CE6 /* NewsController.xib */,
			);
			path = ViewControllers;
			sourceTree = "<group>";
		};
		E72FD8751D251575000A5CE6 /* Views */ = {
			isa = PBXGroup;
			children = (
				E760B3541D37756E00F5DB54 /* NewsRotationImageCell.h */,
				E760B3551D37756E00F5DB54 /* NewsRotationImageCell.m */,
				E760B3561D37756E00F5DB54 /* NewsRotationImageCell.xib */,
				E760B3591D379ADA00F5DB54 /* HotFocusNewCell.h */,
				E760B35A1D379ADA00F5DB54 /* HotFocusNewCell.m */,
				E760B35B1D379ADA00F5DB54 /* HotFocusNewCell.xib */,
				E760B35E1D38D34200F5DB54 /* NewsTableViewHeader.h */,
				E760B35F1D38D34200F5DB54 /* NewsTableViewHeader.m */,
				E760B3611D38D56200F5DB54 /* NewsTableViewHeader.xib */,
				E760B3631D38F52D00F5DB54 /* TransferNewCell.h */,
				E760B3641D38F52D00F5DB54 /* TransferNewCell.m */,
				E760B3651D38F52D00F5DB54 /* TransferNewCell.xib */,
				E760B3681D3C919100F5DB54 /* HotWordNewCell.h */,
				E760B3691D3C919100F5DB54 /* HotWordNewCell.m */,
				E760B36A1D3C919100F5DB54 /* HotWordNewCell.xib */,
			);
			path = Views;
			sourceTree = "<group>";
		};
		E72FD8761D251575000A5CE6 /* Ranking */ = {
			isa = PBXGroup;
			children = (
				E72FD8771D251575000A5CE6 /* Managers&Helpers */,
				E72FD8781D251575000A5CE6 /* Models */,
				E72FD8791D251575000A5CE6 /* Resources */,
				E72FD87A1D251575000A5CE6 /* ViewControllers */,
				E72FD87B1D251575000A5CE6 /* Views */,
			);
			path = Ranking;
			sourceTree = "<group>";
		};
		E72FD8771D251575000A5CE6 /* Managers&Helpers */ = {
			isa = PBXGroup;
			children = (
			);
			path = "Managers&Helpers";
			sourceTree = "<group>";
		};
		E72FD8781D251575000A5CE6 /* Models */ = {
			isa = PBXGroup;
			children = (
			);
			path = Models;
			sourceTree = "<group>";
		};
		E72FD8791D251575000A5CE6 /* Resources */ = {
			isa = PBXGroup;
			children = (
			);
			path = Resources;
			sourceTree = "<group>";
		};
		E72FD87A1D251575000A5CE6 /* ViewControllers */ = {
			isa = PBXGroup;
			children = (
				E72FD88C1D251721000A5CE6 /* RankingController.h */,
				E72FD88D1D251721000A5CE6 /* RankingController.m */,
				E72FD88E1D251721000A5CE6 /* RankingController.xib */,
			);
			path = ViewControllers;
			sourceTree = "<group>";
		};
		E72FD87B1D251575000A5CE6 /* Views */ = {
			isa = PBXGroup;
			children = (
			);
			path = Views;
			sourceTree = "<group>";
		};
		E72FD87C1D251575000A5CE6 /* StrengthRating */ = {
			isa = PBXGroup;
			children = (
				E72FD87D1D251575000A5CE6 /* Managers&Helpers */,
				E72FD87E1D251575000A5CE6 /* Models */,
				E72FD87F1D251575000A5CE6 /* Resources */,
				E72FD8801D251575000A5CE6 /* ViewControllers */,
				E72FD8811D251575000A5CE6 /* Views */,
			);
			path = StrengthRating;
			sourceTree = "<group>";
		};
		E72FD87D1D251575000A5CE6 /* Managers&Helpers */ = {
			isa = PBXGroup;
			children = (
			);
			path = "Managers&Helpers";
			sourceTree = "<group>";
		};
		E72FD87E1D251575000A5CE6 /* Models */ = {
			isa = PBXGroup;
			children = (
			);
			path = Models;
			sourceTree = "<group>";
		};
		E72FD87F1D251575000A5CE6 /* Resources */ = {
			isa = PBXGroup;
			children = (
			);
			path = Resources;
			sourceTree = "<group>";
		};
		E72FD8801D251575000A5CE6 /* ViewControllers */ = {
			isa = PBXGroup;
			children = (
				E72FD8911D251735000A5CE6 /* StrengthRatingController.h */,
				E72FD8921D251735000A5CE6 /* StrengthRatingController.m */,
				E72FD8931D251735000A5CE6 /* StrengthRatingController.xib */,
			);
			path = ViewControllers;
			sourceTree = "<group>";
		};
		E72FD8811D251575000A5CE6 /* Views */ = {
			isa = PBXGroup;
			children = (
			);
			path = Views;
			sourceTree = "<group>";
		};
		E72FD8961D264943000A5CE6 /* MainTabbar */ = {
			isa = PBXGroup;
			children = (
				E72FD8971D264943000A5CE6 /* Managers&Helpers */,
				E72FD8981D264943000A5CE6 /* Models */,
				E72FD8991D264943000A5CE6 /* Resources */,
				E72FD8A21D264943000A5CE6 /* ViewControllers */,
				E72FD8A31D264943000A5CE6 /* Views */,
			);
			path = MainTabbar;
			sourceTree = "<group>";
		};
		E72FD8971D264943000A5CE6 /* Managers&Helpers */ = {
			isa = PBXGroup;
			children = (
				E72FD8AF1D267458000A5CE6 /* RDVTabBarController+reloadItems.h */,
				E72FD8B01D267458000A5CE6 /* RDVTabBarController+reloadItems.m */,
			);
			path = "Managers&Helpers";
			sourceTree = "<group>";
		};
		E72FD8981D264943000A5CE6 /* Models */ = {
			isa = PBXGroup;
			children = (
			);
			path = Models;
			sourceTree = "<group>";
		};
		E72FD8991D264943000A5CE6 /* Resources */ = {
			isa = PBXGroup;
			children = (
				E72FD89A1D264943000A5CE6 /* tabbar_matchs_h@2x.png */,
				E72FD89B1D264943000A5CE6 /* tabbar_matchs_n@2x.png */,
				E72FD89C1D264943000A5CE6 /* tabbar_news_h@2x.png */,
				E72FD89D1D264943000A5CE6 /* tabbar_news_n@2x.png */,
				E72FD89E1D264943000A5CE6 /* tabbar_ranking_h@2x.png */,
				E72FD89F1D264943000A5CE6 /* tabbar_ranking_n@2x.png */,
				E72FD8A01D264943000A5CE6 /* tabbar_strengthrating_h@2x.png */,
				E72FD8A11D264943000A5CE6 /* tabbar_strengthrating_n@2x.png */,
			);
			path = Resources;
			sourceTree = "<group>";
		};
		E72FD8A21D264943000A5CE6 /* ViewControllers */ = {
			isa = PBXGroup;
			children = (
				E72FD8AC1D265A95000A5CE6 /* ESportsTabBarController.h */,
				E72FD8AD1D265A95000A5CE6 /* ESportsTabBarController.m */,
			);
			path = ViewControllers;
			sourceTree = "<group>";
		};
		E72FD8A31D264943000A5CE6 /* Views */ = {
			isa = PBXGroup;
			children = (
			);
			path = Views;
			sourceTree = "<group>";
		};
		E73911AF1D2A592D00F4A522 /* LanguageIcons */ = {
			isa = PBXGroup;
			children = (
				E73911B01D2A592D00F4A522 /* sys_language_english@2x.png */,
				E73911B11D2A592D00F4A522 /* sys_language_s_chinese@2x.png */,
				E73911B21D2A592D00F4A522 /* sys_language_t_chinese@2x.png */,
			);
			path = LanguageIcons;
			sourceTree = "<group>";
		};
		E73911B61D2A62F800F4A522 /* PopMenu */ = {
			isa = PBXGroup;
			children = (
				E73911B71D2A640B00F4A522 /* cell_line@2x.png */,
				E73911B81D2A640B00F4A522 /* PopMenu.h */,
				E73911B91D2A640B00F4A522 /* PopMenu.m */,
				E73911BA1D2A640B00F4A522 /* PopMenuCell.h */,
				E73911BB1D2A640B00F4A522 /* PopMenuCell.m */,
				E73911BC1D2A640B00F4A522 /* PopMenuModel.h */,
				E73911BD1D2A640B00F4A522 /* PopMenuModel.m */,
				E73911BE1D2A640B00F4A522 /* PopMenuStyle.h */,
				E73911BF1D2A640B00F4A522 /* PopMenuStyle.m */,
			);
			path = PopMenu;
			sourceTree = "<group>";
		};
		E760B3201D2D194E00F5DB54 /* DropdownMenu */ = {
			isa = PBXGroup;
			children = (
				E760B3211D2D194E00F5DB54 /* Managers&Helpers */,
				E760B3221D2D194E00F5DB54 /* Models */,
				E760B3231D2D194E00F5DB54 /* Resources */,
				E760B3241D2D194E00F5DB54 /* ViewControllers */,
				E760B3251D2D194E00F5DB54 /* Views */,
			);
			path = DropdownMenu;
			sourceTree = "<group>";
		};
		E760B3211D2D194E00F5DB54 /* Managers&Helpers */ = {
			isa = PBXGroup;
			children = (
				E760B3371D2FA61000F5DB54 /* ionicons */,
			);
			path = "Managers&Helpers";
			sourceTree = "<group>";
		};
		E760B3221D2D194E00F5DB54 /* Models */ = {
			isa = PBXGroup;
			children = (
				E760B3291D2D1CA000F5DB54 /* DropdownMenuItem.h */,
				E760B32A1D2D1CA000F5DB54 /* DropdownMenuItem.m */,
			);
			path = Models;
			sourceTree = "<group>";
		};
		E760B3231D2D194E00F5DB54 /* Resources */ = {
			isa = PBXGroup;
			children = (
				E760B3311D2E386000F5DB54 /* location_selected@2x.png */,
				E760B3331D2E39AD00F5DB54 /* location_drop_n@2x.png */,
				E760B3341D2E39AD00F5DB54 /* location_drop_h@2x.png */,
			);
			path = Resources;
			sourceTree = "<group>";
		};
		E760B3241D2D194E00F5DB54 /* ViewControllers */ = {
			isa = PBXGroup;
			children = (
			);
			path = ViewControllers;
			sourceTree = "<group>";
		};
		E760B3251D2D194E00F5DB54 /* Views */ = {
			isa = PBXGroup;
			children = (
				E760B3261D2D1C6D00F5DB54 /* DropdownMenu.h */,
				E760B3271D2D1C6D00F5DB54 /* DropdownMenu.m */,
				E760B32C1D2E05DA00F5DB54 /* DropdownMenuItemCell.h */,
				E760B32D1D2E05DA00F5DB54 /* DropdownMenuItemCell.m */,
				E760B32E1D2E05DA00F5DB54 /* DropdownMenuItemCell.xib */,
			);
			path = Views;
			sourceTree = "<group>";
		};
		E760B3371D2FA61000F5DB54 /* ionicons */ = {
			isa = PBXGroup;
			children = (
				E760B3381D2FA61000F5DB54 /* ionicons-codes.h */,
				E760B3391D2FA61000F5DB54 /* IonIcons.h */,
				E760B33A1D2FA61000F5DB54 /* IonIcons.m */,
				E760B33B1D2FA61000F5DB54 /* ionicons.ttf */,
				E760B33C1D2FA61000F5DB54 /* LICENSE */,
				E760B33D1D2FA61000F5DB54 /* README.md */,
			);
			path = ionicons;
			sourceTree = "<group>";
		};
		E760B36D1D3CACCD00F5DB54 /* DetailNews */ = {
			isa = PBXGroup;
			children = (
				E760B36E1D3CACCD00F5DB54 /* Managers&Helpers */,
				E760B36F1D3CACCD00F5DB54 /* Models */,
				E760B3701D3CACCD00F5DB54 /* Resources */,
				E760B3711D3CACCD00F5DB54 /* ViewControllers */,
				E760B3721D3CACCD00F5DB54 /* Views */,
			);
			path = DetailNews;
			sourceTree = "<group>";
		};
		E760B36E1D3CACCD00F5DB54 /* Managers&Helpers */ = {
			isa = PBXGroup;
			children = (
			);
			path = "Managers&Helpers";
			sourceTree = "<group>";
		};
		E760B36F1D3CACCD00F5DB54 /* Models */ = {
			isa = PBXGroup;
			children = (
				E760B37D1D3CC8B200F5DB54 /* DetailNew.h */,
				E760B37E1D3CC8B200F5DB54 /* DetailNew.m */,
			);
			path = Models;
			sourceTree = "<group>";
		};
		E760B3701D3CACCD00F5DB54 /* Resources */ = {
			isa = PBXGroup;
			children = (
				E760B3851D3CE00800F5DB54 /* error.html */,
			);
			path = Resources;
			sourceTree = "<group>";
		};
		E760B3711D3CACCD00F5DB54 /* ViewControllers */ = {
			isa = PBXGroup;
			children = (
				E760B3731D3CAD0600F5DB54 /* DetailNewsController.h */,
				E760B3741D3CAD0600F5DB54 /* DetailNewsController.m */,
				E760B3751D3CAD0600F5DB54 /* DetailNewsController.xib */,
			);
			path = ViewControllers;
			sourceTree = "<group>";
		};
		E760B3721D3CACCD00F5DB54 /* Views */ = {
			isa = PBXGroup;
			children = (
				E760B3781D3CC6EB00F5DB54 /* DetailNewsTopCell.h */,
				E760B3791D3CC6EB00F5DB54 /* DetailNewsTopCell.m */,
				E760B37A1D3CC6EB00F5DB54 /* DetailNewsTopCell.xib */,
				E760B3801D3CDD6600F5DB54 /* DetailNewsCenterCell.h */,
				E760B3811D3CDD6600F5DB54 /* DetailNewsCenterCell.m */,
				E760B3821D3CDD6600F5DB54 /* DetailNewsCenterCell.xib */,
				E760B3871D3E107200F5DB54 /* DetailHotNewsBottomCell.h */,
				E760B3881D3E107200F5DB54 /* DetailHotNewsBottomCell.m */,
				E760B3891D3E107200F5DB54 /* DetailHotNewsBottomCell.xib */,
				E760B38C1D3E19BF00F5DB54 /* DetailRelNewsBottomCell.h */,
				E760B38D1D3E19BF00F5DB54 /* DetailRelNewsBottomCell.m */,
				E760B38E1D3E19BF00F5DB54 /* DetailRelNewsBottomCell.xib */,
				E760B3911D3E1C4700F5DB54 /* DetailNewSubTitleCell.h */,
				E760B3921D3E1C4700F5DB54 /* DetailNewSubTitleCell.m */,
				E760B3931D3E1C4700F5DB54 /* DetailNewSubTitleCell.xib */,
				E760B3961D3E1DB800F5DB54 /* DetailNewSubNewCell.h */,
				E760B3971D3E1DB800F5DB54 /* DetailNewSubNewCell.m */,
				E760B3981D3E1DB800F5DB54 /* DetailNewSubNewCell.xib */,
				E760B39B1D3E279B00F5DB54 /* DetailNewSubRelCell.h */,
				E760B39C1D3E279B00F5DB54 /* DetailNewSubRelCell.m */,
				E760B39D1D3E279B00F5DB54 /* DetailNewSubRelCell.xib */,
			);
			path = Views;
			sourceTree = "<group>";
		};
		E7BD575B1CF4360D008F2D69 = {
			isa = PBXGroup;
			children = (
				E7BD57661CF4360D008F2D69 /* ESports */,
				E7BD57651CF4360D008F2D69 /* Products */,
				A12F8592AF6567BB6CADE528 /* Pods */,
				9862D763C39376D9EDB3F3EC /* Frameworks */,
			);
			sourceTree = "<group>";
		};
		E7BD57651CF4360D008F2D69 /* Products */ = {
			isa = PBXGroup;
			children = (
				E7BD57641CF4360D008F2D69 /* ESports.app */,
			);
			name = Products;
			sourceTree = "<group>";
		};
		E7BD57661CF4360D008F2D69 /* ESports */ = {
			isa = PBXGroup;
			children = (
				E72FD8021D1A4B6A000A5CE6 /* Modules */,
				E7BD57811CF58893008F2D69 /* Utilities */,
				E7BD576A1CF4360D008F2D69 /* AppDelegate.h */,
				E7BD576B1CF4360D008F2D69 /* AppDelegate.m */,
				E7BD576D1CF4360D008F2D69 /* ViewController.h */,
				E7BD576E1CF4360D008F2D69 /* ViewController.m */,
				E7BD57851CF58BD6008F2D69 /* ESports.pch */,
				E7BD57701CF4360D008F2D69 /* Main.storyboard */,
				E7BD57761CF4360D008F2D69 /* Assets.xcassets */,
				E7BD57781CF4360D008F2D69 /* LaunchScreen.storyboard */,
				E7BD577B1CF4360D008F2D69 /* Info.plist */,
				E7BD57731CF4360D008F2D69 /* ESports.xcdatamodeld */,
				E7BD57671CF4360D008F2D69 /* Supporting Files */,
			);
			path = ESports;
			sourceTree = "<group>";
		};
		E7BD57671CF4360D008F2D69 /* Supporting Files */ = {
			isa = PBXGroup;
			children = (
				E7BD57681CF4360D008F2D69 /* main.m */,
			);
			name = "Supporting Files";
			sourceTree = "<group>";
		};
		E7BD57811CF58893008F2D69 /* Utilities */ = {
			isa = PBXGroup;
			children = (
				E73911B61D2A62F800F4A522 /* PopMenu */,
				E72FD84F1D24F420000A5CE6 /* RxWebViewController */,
				E72FD8481D23D973000A5CE6 /* DefineValues */,
				E72FD8401D23D8E2000A5CE6 /* LTZLocalizationKit */,
				E7BD579C1CF81053008F2D69 /* UtilityHeaderFiles */,
				E7BD578C1CF6E77F008F2D69 /* Configs */,
				E7BD57831CF5894B008F2D69 /* HttpManager */,
				E7BD57821CF58893008F2D69 /* Categories */,
			);
			path = Utilities;
			sourceTree = "<group>";
		};
		E7BD57821CF58893008F2D69 /* Categories */ = {
			isa = PBXGroup;
			children = (
				E7BD57991CF6FEF6008F2D69 /* MBProgressHUD+Custom.h */,
				E7BD579A1CF6FEFC008F2D69 /* MBProgressHUD+Custom.m */,
				E7BD57971CF6F4D3008F2D69 /* NSObject+Custom.h */,
				E7BD57961CF6F4D3008F2D69 /* NSObject+Custom.m */,
			);
			path = Categories;
			sourceTree = "<group>";
		};
		E7BD57831CF5894B008F2D69 /* HttpManager */ = {
			isa = PBXGroup;
			children = (
				E7BD57861CF5A0AC008F2D69 /* HttpSessionClient.h */,
				E7BD57871CF5A0AC008F2D69 /* HttpSessionClient.m */,
				E72FD8031D1A75FF000A5CE6 /* HttpSessionClient+MultiLanguage.h */,
				E72FD8041D1A75FF000A5CE6 /* HttpSessionClient+MultiLanguage.m */,
				E7BD57881CF5A0AC008F2D69 /* HttpSessionManager.h */,
				E7BD57891CF5A0AC008F2D69 /* HttpSessionManager.m */,
			);
			path = HttpManager;
			sourceTree = "<group>";
		};
		E7BD578C1CF6E77F008F2D69 /* Configs */ = {
			isa = PBXGroup;
			children = (
				E7BD578D1CF6E77F008F2D69 /* NetworkAPIs.h */,
				E7BD578E1CF6E77F008F2D69 /* SystemConfig.h */,
				E7BD578F1CF6E77F008F2D69 /* SystemConfig.m */,
				E7BD57901CF6E77F008F2D69 /* UserConfig.h */,
				E7BD57911CF6E77F008F2D69 /* UserConfig.m */,
			);
			path = Configs;
			sourceTree = "<group>";
		};
		E7BD579C1CF81053008F2D69 /* UtilityHeaderFiles */ = {
			isa = PBXGroup;
			children = (
				E7BD579F1CF8125C008F2D69 /* SingletonManager.h */,
			);
			path = UtilityHeaderFiles;
			sourceTree = "<group>";
		};
/* End PBXGroup section */

/* Begin PBXNativeTarget section */
		E7BD57631CF4360D008F2D69 /* ESports */ = {
			isa = PBXNativeTarget;
			buildConfigurationList = E7BD577E1CF4360D008F2D69 /* Build configuration list for PBXNativeTarget "ESports" */;
			buildPhases = (
				68BDF05A2B9F6DB9F48F9FB5 /* [CP] Check Pods Manifest.lock */,
				E7BD57601CF4360D008F2D69 /* Sources */,
				E7BD57611CF4360D008F2D69 /* Frameworks */,
				E7BD57621CF4360D008F2D69 /* Resources */,
				60670473CC22A1AB08977B34 /* [CP] Embed Pods Frameworks */,
				62C732F6CCEAB77E98EFD2F3 /* [CP] Copy Pods Resources */,
			);
			buildRules = (
			);
			dependencies = (
			);
			name = ESports;
			productName = ESports;
			productReference = E7BD57641CF4360D008F2D69 /* ESports.app */;
			productType = "com.apple.product-type.application";
		};
/* End PBXNativeTarget section */

/* Begin PBXProject section */
		E7BD575C1CF4360D008F2D69 /* Project object */ = {
			isa = PBXProject;
			attributes = {
				LastUpgradeCheck = 0730;
				ORGANIZATIONNAME = "Peter Lee";
				TargetAttributes = {
					E7BD57631CF4360D008F2D69 = {
						CreatedOnToolsVersion = 7.3.1;
					};
				};
			};
			buildConfigurationList = E7BD575F1CF4360D008F2D69 /* Build configuration list for PBXProject "ESports" */;
			compatibilityVersion = "Xcode 3.2";
			developmentRegion = English;
			hasScannedForEncodings = 0;
			knownRegions = (
				en,
				Base,
			);
			mainGroup = E7BD575B1CF4360D008F2D69;
			productRefGroup = E7BD57651CF4360D008F2D69 /* Products */;
			projectDirPath = "";
			projectRoot = "";
			targets = (
				E7BD57631CF4360D008F2D69 /* ESports */,
			);
		};
/* End PBXProject section */

/* Begin PBXResourcesBuildPhase section */
		E7BD57621CF4360D008F2D69 /* Resources */ = {
			isa = PBXResourcesBuildPhase;
			buildActionMask = 2147483647;
			files = (
				E72FD8A61D264943000A5CE6 /* tabbar_news_h@2x.png in Resources */,
				E760B36C1D3C919100F5DB54 /* HotWordNewCell.xib in Resources */,
				E72FD8631D2508EC000A5CE6 /* backItemImage@2x.png in Resources */,
				E72FD8951D251735000A5CE6 /* StrengthRatingController.xib in Resources */,
				E760B3621D38D56200F5DB54 /* NewsTableViewHeader.xib in Resources */,
				E72FD8B41D267C9B000A5CE6 /* nav_change_language_h@2x.png in Resources */,
				E72FD8A91D264943000A5CE6 /* tabbar_ranking_n@2x.png in Resources */,
				E72FD8661D2508EC000A5CE6 /* topbar@2x.png in Resources */,
				E760B3301D2E05DA00F5DB54 /* DropdownMenuItemCell.xib in Resources */,
				E73911C01D2A640B00F4A522 /* cell_line@2x.png in Resources */,
				E760B3581D37756E00F5DB54 /* NewsRotationImageCell.xib in Resources */,
				E760B3951D3E1C4700F5DB54 /* DetailNewSubTitleCell.xib in Resources */,
				E72FD8AA1D264943000A5CE6 /* tabbar_strengthrating_h@2x.png in Resources */,
				E760B3671D38F52D00F5DB54 /* TransferNewCell.xib in Resources */,
				E72FD8A51D264943000A5CE6 /* tabbar_matchs_n@2x.png in Resources */,
				E760B39A1D3E1DB800F5DB54 /* DetailNewSubNewCell.xib in Resources */,
				E760B38B1D3E107200F5DB54 /* DetailHotNewsBottomCell.xib in Resources */,
				E760B3401D2FA61000F5DB54 /* LICENSE in Resources */,
				E760B3321D2E386000F5DB54 /* location_selected@2x.png in Resources */,
				E72FD8A41D264943000A5CE6 /* tabbar_matchs_h@2x.png in Resources */,
				E760B3771D3CAD0600F5DB54 /* DetailNewsController.xib in Resources */,
				E760B3901D3E19BF00F5DB54 /* DetailRelNewsBottomCell.xib in Resources */,
				E760B3841D3CDD6600F5DB54 /* DetailNewsCenterCell.xib in Resources */,
				E72FD8A81D264943000A5CE6 /* tabbar_ranking_h@2x.png in Resources */,
				E72FD8861D251612000A5CE6 /* NewsController.xib in Resources */,
				E760B3861D3CE00800F5DB54 /* error.html in Resources */,
				E760B39F1D3E279B00F5DB54 /* DetailNewSubRelCell.xib in Resources */,
				E72FD8641D2508EC000A5CE6 /* backItemImage_hl@2x.png in Resources */,
				E72FD8901D251721000A5CE6 /* RankingController.xib in Resources */,
				E72FD8AB1D264943000A5CE6 /* tabbar_strengthrating_n@2x.png in Resources */,
				E72FD8671D2508EC000A5CE6 /* topbar@3x.png in Resources */,
				E73911B31D2A592D00F4A522 /* sys_language_english@2x.png in Resources */,
				E760B35D1D379ADA00F5DB54 /* HotFocusNewCell.xib in Resources */,
				E7BD577A1CF4360D008F2D69 /* LaunchScreen.storyboard in Resources */,
				E72FD88B1D2516D8000A5CE6 /* MatchsController.xib in Resources */,
				E7BD57771CF4360D008F2D69 /* Assets.xcassets in Resources */,
				E760B3351D2E39AD00F5DB54 /* location_drop_n@2x.png in Resources */,
				E7BD57721CF4360D008F2D69 /* Main.storyboard in Resources */,
				E73911B41D2A592D00F4A522 /* sys_language_s_chinese@2x.png in Resources */,
				E73911B51D2A592D00F4A522 /* sys_language_t_chinese@2x.png in Resources */,
				E72FD8B51D267C9B000A5CE6 /* nav_change_language_n@2x.png in Resources */,
				E760B37C1D3CC6EB00F5DB54 /* DetailNewsTopCell.xib in Resources */,
				E760B33F1D2FA61000F5DB54 /* ionicons.ttf in Resources */,
				E72FD8A71D264943000A5CE6 /* tabbar_news_n@2x.png in Resources */,
				E72FD8651D2508EC000A5CE6 /* topbar.png in Resources */,
				E760B3361D2E39AD00F5DB54 /* location_drop_h@2x.png in Resources */,
			);
			runOnlyForDeploymentPostprocessing = 0;
		};
/* End PBXResourcesBuildPhase section */

/* Begin PBXShellScriptBuildPhase section */
		60670473CC22A1AB08977B34 /* [CP] Embed Pods Frameworks */ = {
			isa = PBXShellScriptBuildPhase;
			buildActionMask = 2147483647;
			files = (
			);
			inputPaths = (
			);
			name = "[CP] Embed Pods Frameworks";
			outputPaths = (
			);
			runOnlyForDeploymentPostprocessing = 0;
			shellPath = /bin/sh;
			shellScript = "\"${SRCROOT}/Pods/Target Support Files/Pods-ESports/Pods-ESports-frameworks.sh\"\n";
			showEnvVarsInLog = 0;
		};
		62C732F6CCEAB77E98EFD2F3 /* [CP] Copy Pods Resources */ = {
			isa = PBXShellScriptBuildPhase;
			buildActionMask = 2147483647;
			files = (
			);
			inputPaths = (
			);
			name = "[CP] Copy Pods Resources";
			outputPaths = (
			);
			runOnlyForDeploymentPostprocessing = 0;
			shellPath = /bin/sh;
			shellScript = "\"${SRCROOT}/Pods/Target Support Files/Pods-ESports/Pods-ESports-resources.sh\"\n";
			showEnvVarsInLog = 0;
		};
		68BDF05A2B9F6DB9F48F9FB5 /* [CP] Check Pods Manifest.lock */ = {
			isa = PBXShellScriptBuildPhase;
			buildActionMask = 2147483647;
			files = (
			);
			inputPaths = (
			);
			name = "[CP] Check Pods Manifest.lock";
			outputPaths = (
			);
			runOnlyForDeploymentPostprocessing = 0;
			shellPath = /bin/sh;
			shellScript = "diff \"${PODS_ROOT}/../Podfile.lock\" \"${PODS_ROOT}/Manifest.lock\" > /dev/null\nif [[ $? != 0 ]] ; then\n    cat << EOM\nerror: The sandbox is not in sync with the Podfile.lock. Run 'pod install' or update your CocoaPods installation.\nEOM\n    exit 1\nfi\n";
			showEnvVarsInLog = 0;
		};
/* End PBXShellScriptBuildPhase section */

/* Begin PBXSourcesBuildPhase section */
		E7BD57601CF4360D008F2D69 /* Sources */ = {
			isa = PBXSourcesBuildPhase;
			buildActionMask = 2147483647;
			files = (
				E760B38F1D3E19BF00F5DB54 /* DetailRelNewsBottomCell.m in Sources */,
				E72FD8591D24F420000A5CE6 /* NJKWebViewProgress.m in Sources */,
				E760B3601D38D34200F5DB54 /* NewsTableViewHeader.m in Sources */,
				E760B3941D3E1C4700F5DB54 /* DetailNewSubTitleCell.m in Sources */,
				E72FD8471D23D8E2000A5CE6 /* NSObject+localization.m in Sources */,
				E760B37F1D3CC8B200F5DB54 /* DetailNew.m in Sources */,
				E760B34A1D363F1700F5DB54 /* TransferNew.m in Sources */,
				E760B36B1D3C919100F5DB54 /* HotWordNewCell.m in Sources */,
				E760B32F1D2E05DA00F5DB54 /* DropdownMenuItemCell.m in Sources */,
				E72FD88F1D251721000A5CE6 /* RankingController.m in Sources */,
				E760B3281D2D1C6D00F5DB54 /* DropdownMenu.m in Sources */,
				E7BD57751CF4360D008F2D69 /* ESports.xcdatamodeld in Sources */,
				E760B3761D3CAD0600F5DB54 /* DetailNewsController.m in Sources */,
				E760B3991D3E1DB800F5DB54 /* DetailNewSubNewCell.m in Sources */,
				E72FD8381D212A1B000A5CE6 /* BaseViewController.m in Sources */,
				E72FD8B11D267458000A5CE6 /* RDVTabBarController+reloadItems.m in Sources */,
				E760B3831D3CDD6600F5DB54 /* DetailNewsCenterCell.m in Sources */,
				E72FD8051D1A75FF000A5CE6 /* HttpSessionClient+MultiLanguage.m in Sources */,
				E7BD57981CF6F4D3008F2D69 /* NSObject+Custom.m in Sources */,
				E7BD578A1CF5A0AC008F2D69 /* HttpSessionClient.m in Sources */,
				E72FD8941D251735000A5CE6 /* StrengthRatingController.m in Sources */,
				E7BD578B1CF5A0AC008F2D69 /* HttpSessionManager.m in Sources */,
				E7BD57921CF6E77F008F2D69 /* SystemConfig.m in Sources */,
				E760B35C1D379ADA00F5DB54 /* HotFocusNewCell.m in Sources */,
				E760B3441D363EC900F5DB54 /* HotWordNew.m in Sources */,
				E760B32B1D2D1CA000F5DB54 /* DropdownMenuItem.m in Sources */,
				E7BD57931CF6E77F008F2D69 /* UserConfig.m in Sources */,
				E72FD8AE1D265A95000A5CE6 /* ESportsTabBarController.m in Sources */,
				E73911C31D2A640B00F4A522 /* PopMenuModel.m in Sources */,
				E7BD579B1CF6FEFC008F2D69 /* MBProgressHUD+Custom.m in Sources */,
				E760B3471D363EF200F5DB54 /* HotFocusNew.m in Sources */,
				E7BD576F1CF4360D008F2D69 /* ViewController.m in Sources */,
				E72FD8851D251612000A5CE6 /* NewsController.m in Sources */,
				E760B37B1D3CC6EB00F5DB54 /* DetailNewsTopCell.m in Sources */,
				E72FD8461D23D8E2000A5CE6 /* LTZLocalizationManager.m in Sources */,
				E760B3661D38F52D00F5DB54 /* TransferNewCell.m in Sources */,
				E760B3571D37756E00F5DB54 /* NewsRotationImageCell.m in Sources */,
				E760B3531D365A4D00F5DB54 /* TransferNewManager.m in Sources */,
				E72FD88A1D2516D8000A5CE6 /* MatchsController.m in Sources */,
				E72FD85B1D24F420000A5CE6 /* RxWebViewController.m in Sources */,
				E7BD576C1CF4360D008F2D69 /* AppDelegate.m in Sources */,
				E760B34D1D36471B00F5DB54 /* NewsRotationImage.m in Sources */,
				E760B39E1D3E279B00F5DB54 /* DetailNewSubRelCell.m in Sources */,
				E760B3501D36559700F5DB54 /* HotWordNewManager.m in Sources */,
				E760B38A1D3E107200F5DB54 /* DetailHotNewsBottomCell.m in Sources */,
				E7BD57691CF4360D008F2D69 /* main.m in Sources */,
				E73911C11D2A640B00F4A522 /* PopMenu.m in Sources */,
				E73911C21D2A640B00F4A522 /* PopMenuCell.m in Sources */,
				E760B3411D2FA61000F5DB54 /* README.md in Sources */,
				E72FD85C1D24F420000A5CE6 /* UINavigationController+RxWebViewNavigation.m in Sources */,
				E72FD85A1D24F420000A5CE6 /* NJKWebViewProgressView.m in Sources */,
				E73911C41D2A640B00F4A522 /* PopMenuStyle.m in Sources */,
				E72FD84E1D24D37C000A5CE6 /* BaseNavigationController.m in Sources */,
				E760B33E1D2FA61000F5DB54 /* IonIcons.m in Sources */,
			);
			runOnlyForDeploymentPostprocessing = 0;
		};
/* End PBXSourcesBuildPhase section */

/* Begin PBXVariantGroup section */
		E7BD57701CF4360D008F2D69 /* Main.storyboard */ = {
			isa = PBXVariantGroup;
			children = (
				E7BD57711CF4360D008F2D69 /* Base */,
			);
			name = Main.storyboard;
			sourceTree = "<group>";
		};
		E7BD57781CF4360D008F2D69 /* LaunchScreen.storyboard */ = {
			isa = PBXVariantGroup;
			children = (
				E7BD57791CF4360D008F2D69 /* Base */,
			);
			name = LaunchScreen.storyboard;
			sourceTree = "<group>";
		};
/* End PBXVariantGroup section */

/* Begin XCBuildConfiguration section */
		E7BD577C1CF4360D008F2D69 /* Debug */ = {
			isa = XCBuildConfiguration;
			buildSettings = {
				ALWAYS_SEARCH_USER_PATHS = NO;
				CLANG_ANALYZER_NONNULL = YES;
				CLANG_CXX_LANGUAGE_STANDARD = "gnu++0x";
				CLANG_CXX_LIBRARY = "libc++";
				CLANG_ENABLE_MODULES = YES;
				CLANG_ENABLE_OBJC_ARC = YES;
				CLANG_WARN_BOOL_CONVERSION = YES;
				CLANG_WARN_CONSTANT_CONVERSION = YES;
				CLANG_WARN_DIRECT_OBJC_ISA_USAGE = YES_ERROR;
				CLANG_WARN_EMPTY_BODY = YES;
				CLANG_WARN_ENUM_CONVERSION = YES;
				CLANG_WARN_INT_CONVERSION = YES;
				CLANG_WARN_OBJC_ROOT_CLASS = YES_ERROR;
				CLANG_WARN_UNREACHABLE_CODE = YES;
				CLANG_WARN__DUPLICATE_METHOD_MATCH = YES;
				"CODE_SIGN_IDENTITY[sdk=iphoneos*]" = "iPhone Developer";
				COPY_PHASE_STRIP = NO;
				DEBUG_INFORMATION_FORMAT = dwarf;
				ENABLE_STRICT_OBJC_MSGSEND = YES;
				ENABLE_TESTABILITY = YES;
				GCC_C_LANGUAGE_STANDARD = gnu99;
				GCC_DYNAMIC_NO_PIC = NO;
				GCC_NO_COMMON_BLOCKS = YES;
				GCC_OPTIMIZATION_LEVEL = 0;
				GCC_PREPROCESSOR_DEFINITIONS = (
					"DEBUG=1",
					"$(inherited)",
				);
				GCC_WARN_64_TO_32_BIT_CONVERSION = YES;
				GCC_WARN_ABOUT_RETURN_TYPE = YES_ERROR;
				GCC_WARN_UNDECLARED_SELECTOR = YES;
				GCC_WARN_UNINITIALIZED_AUTOS = YES_AGGRESSIVE;
				GCC_WARN_UNUSED_FUNCTION = YES;
				GCC_WARN_UNUSED_VARIABLE = YES;
				IPHONEOS_DEPLOYMENT_TARGET = 9.3;
				MTL_ENABLE_DEBUG_INFO = YES;
				ONLY_ACTIVE_ARCH = YES;
				SDKROOT = iphoneos;
			};
			name = Debug;
		};
		E7BD577D1CF4360D008F2D69 /* Release */ = {
			isa = XCBuildConfiguration;
			buildSettings = {
				ALWAYS_SEARCH_USER_PATHS = NO;
				CLANG_ANALYZER_NONNULL = YES;
				CLANG_CXX_LANGUAGE_STANDARD = "gnu++0x";
				CLANG_CXX_LIBRARY = "libc++";
				CLANG_ENABLE_MODULES = YES;
				CLANG_ENABLE_OBJC_ARC = YES;
				CLANG_WARN_BOOL_CONVERSION = YES;
				CLANG_WARN_CONSTANT_CONVERSION = YES;
				CLANG_WARN_DIRECT_OBJC_ISA_USAGE = YES_ERROR;
				CLANG_WARN_EMPTY_BODY = YES;
				CLANG_WARN_ENUM_CONVERSION = YES;
				CLANG_WARN_INT_CONVERSION = YES;
				CLANG_WARN_OBJC_ROOT_CLASS = YES_ERROR;
				CLANG_WARN_UNREACHABLE_CODE = YES;
				CLANG_WARN__DUPLICATE_METHOD_MATCH = YES;
				"CODE_SIGN_IDENTITY[sdk=iphoneos*]" = "iPhone Developer";
				COPY_PHASE_STRIP = NO;
				DEBUG_INFORMATION_FORMAT = "dwarf-with-dsym";
				ENABLE_NS_ASSERTIONS = NO;
				ENABLE_STRICT_OBJC_MSGSEND = YES;
				GCC_C_LANGUAGE_STANDARD = gnu99;
				GCC_NO_COMMON_BLOCKS = YES;
				GCC_WARN_64_TO_32_BIT_CONVERSION = YES;
				GCC_WARN_ABOUT_RETURN_TYPE = YES_ERROR;
				GCC_WARN_UNDECLARED_SELECTOR = YES;
				GCC_WARN_UNINITIALIZED_AUTOS = YES_AGGRESSIVE;
				GCC_WARN_UNUSED_FUNCTION = YES;
				GCC_WARN_UNUSED_VARIABLE = YES;
				IPHONEOS_DEPLOYMENT_TARGET = 9.3;
				MTL_ENABLE_DEBUG_INFO = NO;
				SDKROOT = iphoneos;
				VALIDATE_PRODUCT = YES;
			};
			name = Release;
		};
		E7BD577F1CF4360D008F2D69 /* Debug */ = {
			isa = XCBuildConfiguration;
			baseConfigurationReference = 0546ABE69EB6F9413426DCA8 /* Pods-ESports.debug.xcconfig */;
			buildSettings = {
				ASSETCATALOG_COMPILER_APPICON_NAME = AppIcon;
				GCC_PRECOMPILE_PREFIX_HEADER = YES;
				GCC_PREFIX_HEADER = "$(SRCROOT)/ESports/ESports.pch";
				INFOPLIST_FILE = ESports/Info.plist;
				IPHONEOS_DEPLOYMENT_TARGET = 8.0;
				LD_RUNPATH_SEARCH_PATHS = "$(inherited) @executable_path/Frameworks";
				PRODUCT_BUNDLE_IDENTIFIER = com.afusion.ESports;
				PRODUCT_NAME = "$(TARGET_NAME)";
			};
			name = Debug;
		};
		E7BD57801CF4360D008F2D69 /* Release */ = {
			isa = XCBuildConfiguration;
			baseConfigurationReference = 4BD28DF1E0C5C36A9CA254A2 /* Pods-ESports.release.xcconfig */;
			buildSettings = {
				ASSETCATALOG_COMPILER_APPICON_NAME = AppIcon;
				GCC_PRECOMPILE_PREFIX_HEADER = YES;
				GCC_PREFIX_HEADER = "$(SRCROOT)/ESports/ESports.pch";
				INFOPLIST_FILE = ESports/Info.plist;
				IPHONEOS_DEPLOYMENT_TARGET = 8.0;
				LD_RUNPATH_SEARCH_PATHS = "$(inherited) @executable_path/Frameworks";
				PRODUCT_BUNDLE_IDENTIFIER = com.afusion.ESports;
				PRODUCT_NAME = "$(TARGET_NAME)";
			};
			name = Release;
		};
/* End XCBuildConfiguration section */

/* Begin XCConfigurationList section */
		E7BD575F1CF4360D008F2D69 /* Build configuration list for PBXProject "ESports" */ = {
			isa = XCConfigurationList;
			buildConfigurations = (
				E7BD577C1CF4360D008F2D69 /* Debug */,
				E7BD577D1CF4360D008F2D69 /* Release */,
			);
			defaultConfigurationIsVisible = 0;
			defaultConfigurationName = Release;
		};
		E7BD577E1CF4360D008F2D69 /* Build configuration list for PBXNativeTarget "ESports" */ = {
			isa = XCConfigurationList;
			buildConfigurations = (
				E7BD577F1CF4360D008F2D69 /* Debug */,
				E7BD57801CF4360D008F2D69 /* Release */,
			);
			defaultConfigurationIsVisible = 0;
			defaultConfigurationName = Release;
		};
/* End XCConfigurationList section */

/* Begin XCVersionGroup section */
		E7BD57731CF4360D008F2D69 /* ESports.xcdatamodeld */ = {
			isa = XCVersionGroup;
			children = (
				E7BD57741CF4360D008F2D69 /* ESports.xcdatamodel */,
			);
			currentVersion = E7BD57741CF4360D008F2D69 /* ESports.xcdatamodel */;
			path = ESports.xcdatamodeld;
			sourceTree = "<group>";
			versionGroupType = wrapper.xcdatamodel;
		};
/* End XCVersionGroup section */
	};
	rootObject = E7BD575C1CF4360D008F2D69 /* Project object */;
}
